// !$*UTF8*$!
{
	archiveVersion = 1;
	classes = {
	};
	objectVersion = 46;
	objects = {

/* Begin PBXBuildFile section */
		972501D819602183001F7A4E /* AddressBook.framework in Frameworks */ = {isa = PBXBuildFile; fileRef = 972501D619602183001F7A4E /* AddressBook.framework */; };
		972501D919602183001F7A4E /* AddressBookUI.framework in Frameworks */ = {isa = PBXBuildFile; fileRef = 972501D719602183001F7A4E /* AddressBookUI.framework */; };
		972501EC1960239D001F7A4E /* MNAddress.m in Sources */ = {isa = PBXBuildFile; fileRef = 972501DC1960239D001F7A4E /* MNAddress.m */; };
		972501ED1960239D001F7A4E /* MNContactCard.m in Sources */ = {isa = PBXBuildFile; fileRef = 972501DF1960239D001F7A4E /* MNContactCard.m */; };
		972501EE1960239D001F7A4E /* MNContact.m in Sources */ = {isa = PBXBuildFile; fileRef = 972501E21960239D001F7A4E /* MNContact.m */; };
		972501EF1960239D001F7A4E /* MNEmail.m in Sources */ = {isa = PBXBuildFile; fileRef = 972501E51960239D001F7A4E /* MNEmail.m */; };
		972501F01960239D001F7A4E /* MNContactsManager.m in Sources */ = {isa = PBXBuildFile; fileRef = 972501E81960239D001F7A4E /* MNContactsManager.m */; };
		972501F11960239D001F7A4E /* MNPhoneNumber.m in Sources */ = {isa = PBXBuildFile; fileRef = 972501EB1960239D001F7A4E /* MNPhoneNumber.m */; };
		97B61608195FFF18007E1842 /* Foundation.framework in Frameworks */ = {isa = PBXBuildFile; fileRef = 97B61607195FFF18007E1842 /* Foundation.framework */; };
		97B6160A195FFF18007E1842 /* CoreGraphics.framework in Frameworks */ = {isa = PBXBuildFile; fileRef = 97B61609195FFF18007E1842 /* CoreGraphics.framework */; };
		97B6160C195FFF18007E1842 /* UIKit.framework in Frameworks */ = {isa = PBXBuildFile; fileRef = 97B6160B195FFF18007E1842 /* UIKit.framework */; };
		97B6160E195FFF18007E1842 /* CoreData.framework in Frameworks */ = {isa = PBXBuildFile; fileRef = 97B6160D195FFF18007E1842 /* CoreData.framework */; };
		97B61614195FFF18007E1842 /* InfoPlist.strings in Resources */ = {isa = PBXBuildFile; fileRef = 97B61612195FFF18007E1842 /* InfoPlist.strings */; };
		97B61616195FFF18007E1842 /* main.m in Sources */ = {isa = PBXBuildFile; fileRef = 97B61615195FFF18007E1842 /* main.m */; };
		97B6161D195FFF18007E1842 /* Main_iPhone.storyboard in Resources */ = {isa = PBXBuildFile; fileRef = 97B6161B195FFF18007E1842 /* Main_iPhone.storyboard */; };
		97B61620195FFF18007E1842 /* Main_iPad.storyboard in Resources */ = {isa = PBXBuildFile; fileRef = 97B6161E195FFF18007E1842 /* Main_iPad.storyboard */; };
		97B61623195FFF18007E1842 /* Contact_Card.xcdatamodeld in Sources */ = {isa = PBXBuildFile; fileRef = 97B61621195FFF18007E1842 /* Contact_Card.xcdatamodeld */; };
		97B6162B195FFF19007E1842 /* Images.xcassets in Resources */ = {isa = PBXBuildFile; fileRef = 97B6162A195FFF19007E1842 /* Images.xcassets */; };
		97B61632195FFF19007E1842 /* XCTest.framework in Frameworks */ = {isa = PBXBuildFile; fileRef = 97B61631195FFF19007E1842 /* XCTest.framework */; };
		97B61633195FFF19007E1842 /* Foundation.framework in Frameworks */ = {isa = PBXBuildFile; fileRef = 97B61607195FFF18007E1842 /* Foundation.framework */; };
		97B61634195FFF19007E1842 /* UIKit.framework in Frameworks */ = {isa = PBXBuildFile; fileRef = 97B6160B195FFF18007E1842 /* UIKit.framework */; };
		97B61635195FFF19007E1842 /* CoreData.framework in Frameworks */ = {isa = PBXBuildFile; fileRef = 97B6160D195FFF18007E1842 /* CoreData.framework */; };
		97B6163D195FFF19007E1842 /* InfoPlist.strings in Resources */ = {isa = PBXBuildFile; fileRef = 97B6163B195FFF19007E1842 /* InfoPlist.strings */; };
		97B6163F195FFF19007E1842 /* Contact_CardTests.m in Sources */ = {isa = PBXBuildFile; fileRef = 97B6163E195FFF19007E1842 /* Contact_CardTests.m */; };
		97B616AA195FFF99007E1842 /* MNAppDelegate.m in Sources */ = {isa = PBXBuildFile; fileRef = 97B6164A195FFF99007E1842 /* MNAppDelegate.m */; };
		97B616AB195FFF99007E1842 /* MNMyCardDetailsViewController.m in Sources */ = {isa = PBXBuildFile; fileRef = 97B6164F195FFF99007E1842 /* MNMyCardDetailsViewController.m */; };
		97B616AC195FFF99007E1842 /* MNMyCardsTableViewController.m in Sources */ = {isa = PBXBuildFile; fileRef = 97B61652195FFF99007E1842 /* MNMyCardsTableViewController.m */; };
		97B616AD195FFF99007E1842 /* MNMyContactsViewController.m in Sources */ = {isa = PBXBuildFile; fileRef = 97B61656195FFF99007E1842 /* MNMyContactsViewController.m */; };
		97B616AE195FFF99007E1842 /* MNLeftSidePanelViewController.m in Sources */ = {isa = PBXBuildFile; fileRef = 97B6165A195FFF99007E1842 /* MNLeftSidePanelViewController.m */; };
		97B616AF195FFF99007E1842 /* MNSlidingViewController.m in Sources */ = {isa = PBXBuildFile; fileRef = 97B6165D195FFF99007E1842 /* MNSlidingViewController.m */; };
		97B616B0195FFF99007E1842 /* ECPercentDrivenInteractiveTransition.m in Sources */ = {isa = PBXBuildFile; fileRef = 97B61661195FFF99007E1842 /* ECPercentDrivenInteractiveTransition.m */; };
		97B616B1195FFF99007E1842 /* ECSlidingAnimationController.m in Sources */ = {isa = PBXBuildFile; fileRef = 97B61663195FFF99007E1842 /* ECSlidingAnimationController.m */; };
		97B616B2195FFF99007E1842 /* ECSlidingInteractiveTransition.m in Sources */ = {isa = PBXBuildFile; fileRef = 97B61666195FFF99007E1842 /* ECSlidingInteractiveTransition.m */; };
		97B616B3195FFF99007E1842 /* ECSlidingSegue.m in Sources */ = {isa = PBXBuildFile; fileRef = 97B61668195FFF99007E1842 /* ECSlidingSegue.m */; };
		97B616B4195FFF99007E1842 /* ECSlidingViewController.m in Sources */ = {isa = PBXBuildFile; fileRef = 97B6166A195FFF99007E1842 /* ECSlidingViewController.m */; };
		97B616B5195FFF99007E1842 /* MEZoomAnimationController.m in Sources */ = {isa = PBXBuildFile; fileRef = 97B6166C195FFF99007E1842 /* MEZoomAnimationController.m */; };
		97B616B6195FFF99007E1842 /* UIViewController+ECSlidingViewController.m in Sources */ = {isa = PBXBuildFile; fileRef = 97B6166E195FFF99007E1842 /* UIViewController+ECSlidingViewController.m */; };
		97B616B7195FFF99007E1842 /* MNCompany.m in Sources */ = {isa = PBXBuildFile; fileRef = 97B61672195FFF99007E1842 /* MNCompany.m */; };
		97B616B9195FFF99007E1842 /* Contact.xcdatamodeld in Sources */ = {isa = PBXBuildFile; fileRef = 97B61676195FFF99007E1842 /* Contact.xcdatamodeld */; };
		97B616BA195FFF99007E1842 /* Address.m in Sources */ = {isa = PBXBuildFile; fileRef = 97B6167A195FFF99007E1842 /* Address.m */; };
		97B616BB195FFF99007E1842 /* Card.m in Sources */ = {isa = PBXBuildFile; fileRef = 97B6167C195FFF99007E1842 /* Card.m */; };
		97B616BC195FFF99007E1842 /* Contact.m in Sources */ = {isa = PBXBuildFile; fileRef = 97B6167E195FFF99007E1842 /* Contact.m */; };
		97B616BD195FFF99007E1842 /* Email.m in Sources */ = {isa = PBXBuildFile; fileRef = 97B61680195FFF99007E1842 /* Email.m */; };
		97B616BE195FFF99007E1842 /* PhoneNumber.m in Sources */ = {isa = PBXBuildFile; fileRef = 97B61682195FFF99007E1842 /* PhoneNumber.m */; };
		97B616C5195FFF99007E1842 /* MNNetworkManager.m in Sources */ = {isa = PBXBuildFile; fileRef = 97B61692195FFF99007E1842 /* MNNetworkManager.m */; };
		97B616C6195FFF99007E1842 /* plus@2x.png in Resources */ = {isa = PBXBuildFile; fileRef = 97B61696195FFF99007E1842 /* plus@2x.png */; };
		97B616C7195FFF99007E1842 /* sort_pointer@2x.png in Resources */ = {isa = PBXBuildFile; fileRef = 97B61698195FFF99007E1842 /* sort_pointer@2x.png */; };
		97B616C8195FFF99007E1842 /* sort_option_background@2x.png in Resources */ = {isa = PBXBuildFile; fileRef = 97B6169A195FFF99007E1842 /* sort_option_background@2x.png */; };
		97B616C9195FFF99007E1842 /* cards@2x.png in Resources */ = {isa = PBXBuildFile; fileRef = 97B6169C195FFF99007E1842 /* cards@2x.png */; };
		97B616CA195FFF99007E1842 /* MNUtilities.m in Sources */ = {isa = PBXBuildFile; fileRef = 97B616A0195FFF99007E1842 /* MNUtilities.m */; };
		97B616CB195FFF99007E1842 /* MNLineView.m in Sources */ = {isa = PBXBuildFile; fileRef = 97B616A4195FFF99007E1842 /* MNLineView.m */; };
		97B616CC195FFF99007E1842 /* MNContactPersonCell.m in Sources */ = {isa = PBXBuildFile; fileRef = 97B616A7195FFF99007E1842 /* MNContactPersonCell.m */; };
		97B616CD195FFF99007E1842 /* MNMyContactCardCell.m in Sources */ = {isa = PBXBuildFile; fileRef = 97B616A9195FFF99007E1842 /* MNMyContactCardCell.m */; };
/* End PBXBuildFile section */

/* Begin PBXContainerItemProxy section */
		97B61636195FFF19007E1842 /* PBXContainerItemProxy */ = {
			isa = PBXContainerItemProxy;
			containerPortal = 97B615FC195FFF18007E1842 /* Project object */;
			proxyType = 1;
			remoteGlobalIDString = 97B61603195FFF18007E1842;
			remoteInfo = "Contact Card";
		};
/* End PBXContainerItemProxy section */

/* Begin PBXFileReference section */
		972501D619602183001F7A4E /* AddressBook.framework */ = {isa = PBXFileReference; lastKnownFileType = wrapper.framework; name = AddressBook.framework; path = System/Library/Frameworks/AddressBook.framework; sourceTree = SDKROOT; };
		972501D719602183001F7A4E /* AddressBookUI.framework */ = {isa = PBXFileReference; lastKnownFileType = wrapper.framework; name = AddressBookUI.framework; path = System/Library/Frameworks/AddressBookUI.framework; sourceTree = SDKROOT; };
		972501DB1960239D001F7A4E /* MNAddress.h */ = {isa = PBXFileReference; fileEncoding = 4; lastKnownFileType = sourcecode.c.h; path = MNAddress.h; sourceTree = "<group>"; };
		972501DC1960239D001F7A4E /* MNAddress.m */ = {isa = PBXFileReference; fileEncoding = 4; lastKnownFileType = sourcecode.c.objc; path = MNAddress.m; sourceTree = "<group>"; };
		972501DE1960239D001F7A4E /* MNContactCard.h */ = {isa = PBXFileReference; fileEncoding = 4; lastKnownFileType = sourcecode.c.h; path = MNContactCard.h; sourceTree = "<group>"; };
		972501DF1960239D001F7A4E /* MNContactCard.m */ = {isa = PBXFileReference; fileEncoding = 4; lastKnownFileType = sourcecode.c.objc; path = MNContactCard.m; sourceTree = "<group>"; };
		972501E11960239D001F7A4E /* MNContact.h */ = {isa = PBXFileReference; fileEncoding = 4; lastKnownFileType = sourcecode.c.h; path = MNContact.h; sourceTree = "<group>"; };
		972501E21960239D001F7A4E /* MNContact.m */ = {isa = PBXFileReference; fileEncoding = 4; lastKnownFileType = sourcecode.c.objc; path = MNContact.m; sourceTree = "<group>"; };
		972501E41960239D001F7A4E /* MNEmail.h */ = {isa = PBXFileReference; fileEncoding = 4; lastKnownFileType = sourcecode.c.h; path = MNEmail.h; sourceTree = "<group>"; };
		972501E51960239D001F7A4E /* MNEmail.m */ = {isa = PBXFileReference; fileEncoding = 4; lastKnownFileType = sourcecode.c.objc; path = MNEmail.m; sourceTree = "<group>"; };
		972501E71960239D001F7A4E /* MNContactsManager.h */ = {isa = PBXFileReference; fileEncoding = 4; lastKnownFileType = sourcecode.c.h; path = MNContactsManager.h; sourceTree = "<group>"; };
		972501E81960239D001F7A4E /* MNContactsManager.m */ = {isa = PBXFileReference; fileEncoding = 4; lastKnownFileType = sourcecode.c.objc; path = MNContactsManager.m; sourceTree = "<group>"; };
		972501EA1960239D001F7A4E /* MNPhoneNumber.h */ = {isa = PBXFileReference; fileEncoding = 4; lastKnownFileType = sourcecode.c.h; path = MNPhoneNumber.h; sourceTree = "<group>"; };
		972501EB1960239D001F7A4E /* MNPhoneNumber.m */ = {isa = PBXFileReference; fileEncoding = 4; lastKnownFileType = sourcecode.c.objc; path = MNPhoneNumber.m; sourceTree = "<group>"; };
		97B61604195FFF18007E1842 /* Contact Card.app */ = {isa = PBXFileReference; explicitFileType = wrapper.application; includeInIndex = 0; path = "Contact Card.app"; sourceTree = BUILT_PRODUCTS_DIR; };
		97B61607195FFF18007E1842 /* Foundation.framework */ = {isa = PBXFileReference; lastKnownFileType = wrapper.framework; name = Foundation.framework; path = System/Library/Frameworks/Foundation.framework; sourceTree = SDKROOT; };
		97B61609195FFF18007E1842 /* CoreGraphics.framework */ = {isa = PBXFileReference; lastKnownFileType = wrapper.framework; name = CoreGraphics.framework; path = System/Library/Frameworks/CoreGraphics.framework; sourceTree = SDKROOT; };
		97B6160B195FFF18007E1842 /* UIKit.framework */ = {isa = PBXFileReference; lastKnownFileType = wrapper.framework; name = UIKit.framework; path = System/Library/Frameworks/UIKit.framework; sourceTree = SDKROOT; };
		97B6160D195FFF18007E1842 /* CoreData.framework */ = {isa = PBXFileReference; lastKnownFileType = wrapper.framework; name = CoreData.framework; path = System/Library/Frameworks/CoreData.framework; sourceTree = SDKROOT; };
		97B61611195FFF18007E1842 /* Contact Card-Info.plist */ = {isa = PBXFileReference; lastKnownFileType = text.plist.xml; path = "Contact Card-Info.plist"; sourceTree = "<group>"; };
		97B61613195FFF18007E1842 /* en */ = {isa = PBXFileReference; lastKnownFileType = text.plist.strings; name = en; path = en.lproj/InfoPlist.strings; sourceTree = "<group>"; };
		97B61615195FFF18007E1842 /* main.m */ = {isa = PBXFileReference; lastKnownFileType = sourcecode.c.objc; path = main.m; sourceTree = "<group>"; };
		97B61617195FFF18007E1842 /* Contact Card-Prefix.pch */ = {isa = PBXFileReference; lastKnownFileType = sourcecode.c.h; path = "Contact Card-Prefix.pch"; sourceTree = "<group>"; };
		97B6161C195FFF18007E1842 /* Base */ = {isa = PBXFileReference; lastKnownFileType = file.storyboard; name = Base; path = Base.lproj/Main_iPhone.storyboard; sourceTree = "<group>"; };
		97B6161F195FFF18007E1842 /* Base */ = {isa = PBXFileReference; lastKnownFileType = file.storyboard; name = Base; path = Base.lproj/Main_iPad.storyboard; sourceTree = "<group>"; };
		97B61622195FFF18007E1842 /* Contact_Card.xcdatamodel */ = {isa = PBXFileReference; lastKnownFileType = wrapper.xcdatamodel; path = Contact_Card.xcdatamodel; sourceTree = "<group>"; };
		97B6162A195FFF19007E1842 /* Images.xcassets */ = {isa = PBXFileReference; lastKnownFileType = folder.assetcatalog; path = Images.xcassets; sourceTree = "<group>"; };
		97B61630195FFF19007E1842 /* Contact CardTests.xctest */ = {isa = PBXFileReference; explicitFileType = wrapper.cfbundle; includeInIndex = 0; path = "Contact CardTests.xctest"; sourceTree = BUILT_PRODUCTS_DIR; };
		97B61631195FFF19007E1842 /* XCTest.framework */ = {isa = PBXFileReference; lastKnownFileType = wrapper.framework; name = XCTest.framework; path = Library/Frameworks/XCTest.framework; sourceTree = DEVELOPER_DIR; };
		97B6163A195FFF19007E1842 /* Contact CardTests-Info.plist */ = {isa = PBXFileReference; lastKnownFileType = text.plist.xml; path = "Contact CardTests-Info.plist"; sourceTree = "<group>"; };
		97B6163C195FFF19007E1842 /* en */ = {isa = PBXFileReference; lastKnownFileType = text.plist.strings; name = en; path = en.lproj/InfoPlist.strings; sourceTree = "<group>"; };
		97B6163E195FFF19007E1842 /* Contact_CardTests.m */ = {isa = PBXFileReference; lastKnownFileType = sourcecode.c.objc; path = Contact_CardTests.m; sourceTree = "<group>"; };
		97B61649195FFF99007E1842 /* MNAppDelegate.h */ = {isa = PBXFileReference; fileEncoding = 4; lastKnownFileType = sourcecode.c.h; path = MNAppDelegate.h; sourceTree = "<group>"; };
		97B6164A195FFF99007E1842 /* MNAppDelegate.m */ = {isa = PBXFileReference; fileEncoding = 4; lastKnownFileType = sourcecode.c.objc; path = MNAppDelegate.m; sourceTree = "<group>"; };
		97B6164E195FFF99007E1842 /* MNMyCardDetailsViewController.h */ = {isa = PBXFileReference; fileEncoding = 4; lastKnownFileType = sourcecode.c.h; path = MNMyCardDetailsViewController.h; sourceTree = "<group>"; };
		97B6164F195FFF99007E1842 /* MNMyCardDetailsViewController.m */ = {isa = PBXFileReference; fileEncoding = 4; lastKnownFileType = sourcecode.c.objc; path = MNMyCardDetailsViewController.m; sourceTree = "<group>"; };
		97B61651195FFF99007E1842 /* MNMyCardsTableViewController.h */ = {isa = PBXFileReference; fileEncoding = 4; lastKnownFileType = sourcecode.c.h; path = MNMyCardsTableViewController.h; sourceTree = "<group>"; };
		97B61652195FFF99007E1842 /* MNMyCardsTableViewController.m */ = {isa = PBXFileReference; fileEncoding = 4; lastKnownFileType = sourcecode.c.objc; path = MNMyCardsTableViewController.m; sourceTree = "<group>"; };
		97B61655195FFF99007E1842 /* MNMyContactsViewController.h */ = {isa = PBXFileReference; fileEncoding = 4; lastKnownFileType = sourcecode.c.h; path = MNMyContactsViewController.h; sourceTree = "<group>"; };
		97B61656195FFF99007E1842 /* MNMyContactsViewController.m */ = {isa = PBXFileReference; fileEncoding = 4; lastKnownFileType = sourcecode.c.objc; path = MNMyContactsViewController.m; sourceTree = "<group>"; };
		97B61659195FFF99007E1842 /* MNLeftSidePanelViewController.h */ = {isa = PBXFileReference; fileEncoding = 4; lastKnownFileType = sourcecode.c.h; path = MNLeftSidePanelViewController.h; sourceTree = "<group>"; };
		97B6165A195FFF99007E1842 /* MNLeftSidePanelViewController.m */ = {isa = PBXFileReference; fileEncoding = 4; lastKnownFileType = sourcecode.c.objc; path = MNLeftSidePanelViewController.m; sourceTree = "<group>"; };
		97B6165C195FFF99007E1842 /* MNSlidingViewController.h */ = {isa = PBXFileReference; fileEncoding = 4; lastKnownFileType = sourcecode.c.h; path = MNSlidingViewController.h; sourceTree = "<group>"; };
		97B6165D195FFF99007E1842 /* MNSlidingViewController.m */ = {isa = PBXFileReference; fileEncoding = 4; lastKnownFileType = sourcecode.c.objc; path = MNSlidingViewController.m; sourceTree = "<group>"; };
		97B61660195FFF99007E1842 /* ECPercentDrivenInteractiveTransition.h */ = {isa = PBXFileReference; fileEncoding = 4; lastKnownFileType = sourcecode.c.h; path = ECPercentDrivenInteractiveTransition.h; sourceTree = "<group>"; };
		97B61661195FFF99007E1842 /* ECPercentDrivenInteractiveTransition.m */ = {isa = PBXFileReference; fileEncoding = 4; lastKnownFileType = sourcecode.c.objc; path = ECPercentDrivenInteractiveTransition.m; sourceTree = "<group>"; };
		97B61662195FFF99007E1842 /* ECSlidingAnimationController.h */ = {isa = PBXFileReference; fileEncoding = 4; lastKnownFileType = sourcecode.c.h; path = ECSlidingAnimationController.h; sourceTree = "<group>"; };
		97B61663195FFF99007E1842 /* ECSlidingAnimationController.m */ = {isa = PBXFileReference; fileEncoding = 4; lastKnownFileType = sourcecode.c.objc; path = ECSlidingAnimationController.m; sourceTree = "<group>"; };
		97B61664195FFF99007E1842 /* ECSlidingConstants.h */ = {isa = PBXFileReference; fileEncoding = 4; lastKnownFileType = sourcecode.c.h; path = ECSlidingConstants.h; sourceTree = "<group>"; };
		97B61665195FFF99007E1842 /* ECSlidingInteractiveTransition.h */ = {isa = PBXFileReference; fileEncoding = 4; lastKnownFileType = sourcecode.c.h; path = ECSlidingInteractiveTransition.h; sourceTree = "<group>"; };
		97B61666195FFF99007E1842 /* ECSlidingInteractiveTransition.m */ = {isa = PBXFileReference; fileEncoding = 4; lastKnownFileType = sourcecode.c.objc; path = ECSlidingInteractiveTransition.m; sourceTree = "<group>"; };
		97B61667195FFF99007E1842 /* ECSlidingSegue.h */ = {isa = PBXFileReference; fileEncoding = 4; lastKnownFileType = sourcecode.c.h; path = ECSlidingSegue.h; sourceTree = "<group>"; };
		97B61668195FFF99007E1842 /* ECSlidingSegue.m */ = {isa = PBXFileReference; fileEncoding = 4; lastKnownFileType = sourcecode.c.objc; path = ECSlidingSegue.m; sourceTree = "<group>"; };
		97B61669195FFF99007E1842 /* ECSlidingViewController.h */ = {isa = PBXFileReference; fileEncoding = 4; lastKnownFileType = sourcecode.c.h; path = ECSlidingViewController.h; sourceTree = "<group>"; };
		97B6166A195FFF99007E1842 /* ECSlidingViewController.m */ = {isa = PBXFileReference; fileEncoding = 4; lastKnownFileType = sourcecode.c.objc; path = ECSlidingViewController.m; sourceTree = "<group>"; };
		97B6166B195FFF99007E1842 /* MEZoomAnimationController.h */ = {isa = PBXFileReference; fileEncoding = 4; lastKnownFileType = sourcecode.c.h; path = MEZoomAnimationController.h; sourceTree = "<group>"; };
		97B6166C195FFF99007E1842 /* MEZoomAnimationController.m */ = {isa = PBXFileReference; fileEncoding = 4; lastKnownFileType = sourcecode.c.objc; path = MEZoomAnimationController.m; sourceTree = "<group>"; };
		97B6166D195FFF99007E1842 /* UIViewController+ECSlidingViewController.h */ = {isa = PBXFileReference; fileEncoding = 4; lastKnownFileType = sourcecode.c.h; path = "UIViewController+ECSlidingViewController.h"; sourceTree = "<group>"; };
		97B6166E195FFF99007E1842 /* UIViewController+ECSlidingViewController.m */ = {isa = PBXFileReference; fileEncoding = 4; lastKnownFileType = sourcecode.c.objc; path = "UIViewController+ECSlidingViewController.m"; sourceTree = "<group>"; };
		97B61671195FFF99007E1842 /* MNCompany.h */ = {isa = PBXFileReference; fileEncoding = 4; lastKnownFileType = sourcecode.c.h; path = MNCompany.h; sourceTree = "<group>"; };
		97B61672195FFF99007E1842 /* MNCompany.m */ = {isa = PBXFileReference; fileEncoding = 4; lastKnownFileType = sourcecode.c.objc; path = MNCompany.m; sourceTree = "<group>"; };
		97B61677195FFF99007E1842 /* Contact.xcdatamodel */ = {isa = PBXFileReference; lastKnownFileType = wrapper.xcdatamodel; path = Contact.xcdatamodel; sourceTree = "<group>"; };
		97B61679195FFF99007E1842 /* Address.h */ = {isa = PBXFileReference; fileEncoding = 4; lastKnownFileType = sourcecode.c.h; path = Address.h; sourceTree = "<group>"; };
		97B6167A195FFF99007E1842 /* Address.m */ = {isa = PBXFileReference; fileEncoding = 4; lastKnownFileType = sourcecode.c.objc; path = Address.m; sourceTree = "<group>"; };
		97B6167B195FFF99007E1842 /* Card.h */ = {isa = PBXFileReference; fileEncoding = 4; lastKnownFileType = sourcecode.c.h; path = Card.h; sourceTree = "<group>"; };
		97B6167C195FFF99007E1842 /* Card.m */ = {isa = PBXFileReference; fileEncoding = 4; lastKnownFileType = sourcecode.c.objc; path = Card.m; sourceTree = "<group>"; };
		97B6167D195FFF99007E1842 /* Contact.h */ = {isa = PBXFileReference; fileEncoding = 4; lastKnownFileType = sourcecode.c.h; path = Contact.h; sourceTree = "<group>"; };
		97B6167E195FFF99007E1842 /* Contact.m */ = {isa = PBXFileReference; fileEncoding = 4; lastKnownFileType = sourcecode.c.objc; path = Contact.m; sourceTree = "<group>"; };
		97B6167F195FFF99007E1842 /* Email.h */ = {isa = PBXFileReference; fileEncoding = 4; lastKnownFileType = sourcecode.c.h; path = Email.h; sourceTree = "<group>"; };
		97B61680195FFF99007E1842 /* Email.m */ = {isa = PBXFileReference; fileEncoding = 4; lastKnownFileType = sourcecode.c.objc; path = Email.m; sourceTree = "<group>"; };
		97B61681195FFF99007E1842 /* PhoneNumber.h */ = {isa = PBXFileReference; fileEncoding = 4; lastKnownFileType = sourcecode.c.h; path = PhoneNumber.h; sourceTree = "<group>"; };
		97B61682195FFF99007E1842 /* PhoneNumber.m */ = {isa = PBXFileReference; fileEncoding = 4; lastKnownFileType = sourcecode.c.objc; path = PhoneNumber.m; sourceTree = "<group>"; };
		97B61691195FFF99007E1842 /* MNNetworkManager.h */ = {isa = PBXFileReference; fileEncoding = 4; lastKnownFileType = sourcecode.c.h; path = MNNetworkManager.h; sourceTree = "<group>"; };
		97B61692195FFF99007E1842 /* MNNetworkManager.m */ = {isa = PBXFileReference; fileEncoding = 4; lastKnownFileType = sourcecode.c.objc; path = MNNetworkManager.m; sourceTree = "<group>"; };
		97B61696195FFF99007E1842 /* plus@2x.png */ = {isa = PBXFileReference; lastKnownFileType = image.png; path = "plus@2x.png"; sourceTree = "<group>"; };
		97B61698195FFF99007E1842 /* sort_pointer@2x.png */ = {isa = PBXFileReference; lastKnownFileType = image.png; path = "sort_pointer@2x.png"; sourceTree = "<group>"; };
		97B6169A195FFF99007E1842 /* sort_option_background@2x.png */ = {isa = PBXFileReference; lastKnownFileType = image.png; path = "sort_option_background@2x.png"; sourceTree = "<group>"; };
		97B6169C195FFF99007E1842 /* cards@2x.png */ = {isa = PBXFileReference; lastKnownFileType = image.png; path = "cards@2x.png"; sourceTree = "<group>"; };
		97B6169E195FFF99007E1842 /* MNConstants.h */ = {isa = PBXFileReference; fileEncoding = 4; lastKnownFileType = sourcecode.c.h; path = MNConstants.h; sourceTree = "<group>"; };
		97B6169F195FFF99007E1842 /* MNUtilities.h */ = {isa = PBXFileReference; fileEncoding = 4; lastKnownFileType = sourcecode.c.h; path = MNUtilities.h; sourceTree = "<group>"; };
		97B616A0195FFF99007E1842 /* MNUtilities.m */ = {isa = PBXFileReference; fileEncoding = 4; lastKnownFileType = sourcecode.c.objc; path = MNUtilities.m; sourceTree = "<group>"; };
		97B616A3195FFF99007E1842 /* MNLineView.h */ = {isa = PBXFileReference; fileEncoding = 4; lastKnownFileType = sourcecode.c.h; path = MNLineView.h; sourceTree = "<group>"; };
		97B616A4195FFF99007E1842 /* MNLineView.m */ = {isa = PBXFileReference; fileEncoding = 4; lastKnownFileType = sourcecode.c.objc; path = MNLineView.m; sourceTree = "<group>"; };
		97B616A6195FFF99007E1842 /* MNContactPersonCell.h */ = {isa = PBXFileReference; fileEncoding = 4; lastKnownFileType = sourcecode.c.h; path = MNContactPersonCell.h; sourceTree = "<group>"; };
		97B616A7195FFF99007E1842 /* MNContactPersonCell.m */ = {isa = PBXFileReference; fileEncoding = 4; lastKnownFileType = sourcecode.c.objc; path = MNContactPersonCell.m; sourceTree = "<group>"; };
		97B616A8195FFF99007E1842 /* MNMyContactCardCell.h */ = {isa = PBXFileReference; fileEncoding = 4; lastKnownFileType = sourcecode.c.h; path = MNMyContactCardCell.h; sourceTree = "<group>"; };
		97B616A9195FFF99007E1842 /* MNMyContactCardCell.m */ = {isa = PBXFileReference; fileEncoding = 4; lastKnownFileType = sourcecode.c.objc; path = MNMyContactCardCell.m; sourceTree = "<group>"; };
/* End PBXFileReference section */

/* Begin PBXFrameworksBuildPhase section */
		97B61601195FFF18007E1842 /* Frameworks */ = {
			isa = PBXFrameworksBuildPhase;
			buildActionMask = 2147483647;
			files = (
				972501D819602183001F7A4E /* AddressBook.framework in Frameworks */,
				972501D919602183001F7A4E /* AddressBookUI.framework in Frameworks */,
				97B6160A195FFF18007E1842 /* CoreGraphics.framework in Frameworks */,
				97B6160E195FFF18007E1842 /* CoreData.framework in Frameworks */,
				97B6160C195FFF18007E1842 /* UIKit.framework in Frameworks */,
				97B61608195FFF18007E1842 /* Foundation.framework in Frameworks */,
			);
			runOnlyForDeploymentPostprocessing = 0;
		};
		97B6162D195FFF19007E1842 /* Frameworks */ = {
			isa = PBXFrameworksBuildPhase;
			buildActionMask = 2147483647;
			files = (
				97B61632195FFF19007E1842 /* XCTest.framework in Frameworks */,
				97B61635195FFF19007E1842 /* CoreData.framework in Frameworks */,
				97B61634195FFF19007E1842 /* UIKit.framework in Frameworks */,
				97B61633195FFF19007E1842 /* Foundation.framework in Frameworks */,
			);
			runOnlyForDeploymentPostprocessing = 0;
		};
/* End PBXFrameworksBuildPhase section */

/* Begin PBXGroup section */
		972501DA1960239D001F7A4E /* Address */ = {
			isa = PBXGroup;
			children = (
				972501DB1960239D001F7A4E /* MNAddress.h */,
				972501DC1960239D001F7A4E /* MNAddress.m */,
			);
			path = Address;
			sourceTree = "<group>";
		};
		972501DD1960239D001F7A4E /* Card */ = {
			isa = PBXGroup;
			children = (
				972501DE1960239D001F7A4E /* MNContactCard.h */,
				972501DF1960239D001F7A4E /* MNContactCard.m */,
			);
			path = Card;
			sourceTree = "<group>";
		};
		972501E01960239D001F7A4E /* Contact */ = {
			isa = PBXGroup;
			children = (
				972501E11960239D001F7A4E /* MNContact.h */,
				972501E21960239D001F7A4E /* MNContact.m */,
			);
			path = Contact;
			sourceTree = "<group>";
		};
		972501E31960239D001F7A4E /* Email */ = {
			isa = PBXGroup;
			children = (
				972501E41960239D001F7A4E /* MNEmail.h */,
				972501E51960239D001F7A4E /* MNEmail.m */,
			);
			path = Email;
			sourceTree = "<group>";
		};
		972501E61960239D001F7A4E /* Manager */ = {
			isa = PBXGroup;
			children = (
				972501E71960239D001F7A4E /* MNContactsManager.h */,
				972501E81960239D001F7A4E /* MNContactsManager.m */,
			);
			path = Manager;
			sourceTree = "<group>";
		};
		972501E91960239D001F7A4E /* Phone Number */ = {
			isa = PBXGroup;
			children = (
				972501EA1960239D001F7A4E /* MNPhoneNumber.h */,
				972501EB1960239D001F7A4E /* MNPhoneNumber.m */,
			);
			path = "Phone Number";
			sourceTree = "<group>";
		};
		97B615FB195FFF18007E1842 = {
			isa = PBXGroup;
			children = (
				97B6160F195FFF18007E1842 /* Contact Card */,
				97B61638195FFF19007E1842 /* Contact CardTests */,
				97B61606195FFF18007E1842 /* Frameworks */,
				97B61605195FFF18007E1842 /* Products */,
			);
			sourceTree = "<group>";
		};
		97B61605195FFF18007E1842 /* Products */ = {
			isa = PBXGroup;
			children = (
				97B61604195FFF18007E1842 /* Contact Card.app */,
				97B61630195FFF19007E1842 /* Contact CardTests.xctest */,
			);
			name = Products;
			sourceTree = "<group>";
		};
		97B61606195FFF18007E1842 /* Frameworks */ = {
			isa = PBXGroup;
			children = (
				972501D619602183001F7A4E /* AddressBook.framework */,
				972501D719602183001F7A4E /* AddressBookUI.framework */,
				97B61607195FFF18007E1842 /* Foundation.framework */,
				97B61609195FFF18007E1842 /* CoreGraphics.framework */,
				97B6160B195FFF18007E1842 /* UIKit.framework */,
				97B6160D195FFF18007E1842 /* CoreData.framework */,
				97B61631195FFF19007E1842 /* XCTest.framework */,
			);
			name = Frameworks;
			sourceTree = "<group>";
		};
		97B6160F195FFF18007E1842 /* Contact Card */ = {
			isa = PBXGroup;
			children = (
				97B61648195FFF99007E1842 /* App Delegate */,
				97B6164B195FFF99007E1842 /* Controllers */,
				97B6165E195FFF99007E1842 /* Libraries */,
				97B6166F195FFF99007E1842 /* Models */,
				97B61690195FFF99007E1842 /* Network Manager */,
				97B61693195FFF99007E1842 /* Resources */,
				97B6169D195FFF99007E1842 /* Utilities */,
				97B616A1195FFF99007E1842 /* Views */,
				97B6161B195FFF18007E1842 /* Main_iPhone.storyboard */,
				97B6161E195FFF18007E1842 /* Main_iPad.storyboard */,
				97B6162A195FFF19007E1842 /* Images.xcassets */,
				97B61621195FFF18007E1842 /* Contact_Card.xcdatamodeld */,
				97B61610195FFF18007E1842 /* Supporting Files */,
			);
			path = "Contact Card";
			sourceTree = "<group>";
		};
		97B61610195FFF18007E1842 /* Supporting Files */ = {
			isa = PBXGroup;
			children = (
				97B61611195FFF18007E1842 /* Contact Card-Info.plist */,
				97B61612195FFF18007E1842 /* InfoPlist.strings */,
				97B61615195FFF18007E1842 /* main.m */,
				97B61617195FFF18007E1842 /* Contact Card-Prefix.pch */,
			);
			name = "Supporting Files";
			sourceTree = "<group>";
		};
		97B61638195FFF19007E1842 /* Contact CardTests */ = {
			isa = PBXGroup;
			children = (
				97B6163E195FFF19007E1842 /* Contact_CardTests.m */,
				97B61639195FFF19007E1842 /* Supporting Files */,
			);
			path = "Contact CardTests";
			sourceTree = "<group>";
		};
		97B61639195FFF19007E1842 /* Supporting Files */ = {
			isa = PBXGroup;
			children = (
				97B6163A195FFF19007E1842 /* Contact CardTests-Info.plist */,
				97B6163B195FFF19007E1842 /* InfoPlist.strings */,
			);
			name = "Supporting Files";
			sourceTree = "<group>";
		};
		97B61648195FFF99007E1842 /* App Delegate */ = {
			isa = PBXGroup;
			children = (
				97B61649195FFF99007E1842 /* MNAppDelegate.h */,
				97B6164A195FFF99007E1842 /* MNAppDelegate.m */,
			);
			path = "App Delegate";
			sourceTree = "<group>";
		};
		97B6164B195FFF99007E1842 /* Controllers */ = {
			isa = PBXGroup;
			children = (
				97B6164C195FFF99007E1842 /* My Cards View Controllers */,
				97B61653195FFF99007E1842 /* My Contacts View Controllers */,
				97B61657195FFF99007E1842 /* Split View Controllers */,
			);
			path = Controllers;
			sourceTree = "<group>";
		};
		97B6164C195FFF99007E1842 /* My Cards View Controllers */ = {
			isa = PBXGroup;
			children = (
				97B6164D195FFF99007E1842 /* My Card Detail View Controller */,
				97B61650195FFF99007E1842 /* My Cards Table View Controller */,
			);
			path = "My Cards View Controllers";
			sourceTree = "<group>";
		};
		97B6164D195FFF99007E1842 /* My Card Detail View Controller */ = {
			isa = PBXGroup;
			children = (
				97B6164E195FFF99007E1842 /* MNMyCardDetailsViewController.h */,
				97B6164F195FFF99007E1842 /* MNMyCardDetailsViewController.m */,
			);
			path = "My Card Detail View Controller";
			sourceTree = "<group>";
		};
		97B61650195FFF99007E1842 /* My Cards Table View Controller */ = {
			isa = PBXGroup;
			children = (
				97B61651195FFF99007E1842 /* MNMyCardsTableViewController.h */,
				97B61652195FFF99007E1842 /* MNMyCardsTableViewController.m */,
			);
			path = "My Cards Table View Controller";
			sourceTree = "<group>";
		};
		97B61653195FFF99007E1842 /* My Contacts View Controllers */ = {
			isa = PBXGroup;
			children = (
				97B61654195FFF99007E1842 /* My Contacts Table View Controller */,
			);
			path = "My Contacts View Controllers";
			sourceTree = "<group>";
		};
		97B61654195FFF99007E1842 /* My Contacts Table View Controller */ = {
			isa = PBXGroup;
			children = (
				97B61655195FFF99007E1842 /* MNMyContactsViewController.h */,
				97B61656195FFF99007E1842 /* MNMyContactsViewController.m */,
			);
			path = "My Contacts Table View Controller";
			sourceTree = "<group>";
		};
		97B61657195FFF99007E1842 /* Split View Controllers */ = {
			isa = PBXGroup;
			children = (
				97B61658195FFF99007E1842 /* Left Side Panel View Controller */,
				97B6165B195FFF99007E1842 /* Sliding Panel View Controller */,
			);
			path = "Split View Controllers";
			sourceTree = "<group>";
		};
		97B61658195FFF99007E1842 /* Left Side Panel View Controller */ = {
			isa = PBXGroup;
			children = (
				97B61659195FFF99007E1842 /* MNLeftSidePanelViewController.h */,
				97B6165A195FFF99007E1842 /* MNLeftSidePanelViewController.m */,
			);
			path = "Left Side Panel View Controller";
			sourceTree = "<group>";
		};
		97B6165B195FFF99007E1842 /* Sliding Panel View Controller */ = {
			isa = PBXGroup;
			children = (
				97B6165C195FFF99007E1842 /* MNSlidingViewController.h */,
				97B6165D195FFF99007E1842 /* MNSlidingViewController.m */,
			);
			path = "Sliding Panel View Controller";
			sourceTree = "<group>";
		};
		97B6165E195FFF99007E1842 /* Libraries */ = {
			isa = PBXGroup;
			children = (
				97B6165F195FFF99007E1842 /* ECSlidingViewController */,
			);
			path = Libraries;
			sourceTree = "<group>";
		};
		97B6165F195FFF99007E1842 /* ECSlidingViewController */ = {
			isa = PBXGroup;
			children = (
				97B61660195FFF99007E1842 /* ECPercentDrivenInteractiveTransition.h */,
				97B61661195FFF99007E1842 /* ECPercentDrivenInteractiveTransition.m */,
				97B61662195FFF99007E1842 /* ECSlidingAnimationController.h */,
				97B61663195FFF99007E1842 /* ECSlidingAnimationController.m */,
				97B61664195FFF99007E1842 /* ECSlidingConstants.h */,
				97B61665195FFF99007E1842 /* ECSlidingInteractiveTransition.h */,
				97B61666195FFF99007E1842 /* ECSlidingInteractiveTransition.m */,
				97B61667195FFF99007E1842 /* ECSlidingSegue.h */,
				97B61668195FFF99007E1842 /* ECSlidingSegue.m */,
				97B61669195FFF99007E1842 /* ECSlidingViewController.h */,
				97B6166A195FFF99007E1842 /* ECSlidingViewController.m */,
				97B6166B195FFF99007E1842 /* MEZoomAnimationController.h */,
				97B6166C195FFF99007E1842 /* MEZoomAnimationController.m */,
				97B6166D195FFF99007E1842 /* UIViewController+ECSlidingViewController.h */,
				97B6166E195FFF99007E1842 /* UIViewController+ECSlidingViewController.m */,
			);
			path = ECSlidingViewController;
			sourceTree = "<group>";
		};
		97B6166F195FFF99007E1842 /* Models */ = {
			isa = PBXGroup;
			children = (
				972501DA1960239D001F7A4E /* Address */,
				972501DD1960239D001F7A4E /* Card */,
				972501E01960239D001F7A4E /* Contact */,
				972501E31960239D001F7A4E /* Email */,
				972501E61960239D001F7A4E /* Manager */,
				972501E91960239D001F7A4E /* Phone Number */,
				97B61670195FFF99007E1842 /* Company */,
				97B61675195FFF99007E1842 /* Core Data */,
			);
			path = Models;
			sourceTree = "<group>";
		};
		97B61670195FFF99007E1842 /* Company */ = {
			isa = PBXGroup;
			children = (
				97B61671195FFF99007E1842 /* MNCompany.h */,
				97B61672195FFF99007E1842 /* MNCompany.m */,
			);
			path = Company;
			sourceTree = "<group>";
		};
		97B61675195FFF99007E1842 /* Core Data */ = {
			isa = PBXGroup;
			children = (
				97B61676195FFF99007E1842 /* Contact.xcdatamodeld */,
				97B61678195FFF99007E1842 /* Core Data Models */,
			);
			path = "Core Data";
			sourceTree = "<group>";
		};
		97B61678195FFF99007E1842 /* Core Data Models */ = {
			isa = PBXGroup;
			children = (
				97B61679195FFF99007E1842 /* Address.h */,
				97B6167A195FFF99007E1842 /* Address.m */,
				97B6167B195FFF99007E1842 /* Card.h */,
				97B6167C195FFF99007E1842 /* Card.m */,
				97B6167D195FFF99007E1842 /* Contact.h */,
				97B6167E195FFF99007E1842 /* Contact.m */,
				97B6167F195FFF99007E1842 /* Email.h */,
				97B61680195FFF99007E1842 /* Email.m */,
				97B61681195FFF99007E1842 /* PhoneNumber.h */,
				97B61682195FFF99007E1842 /* PhoneNumber.m */,
			);
			path = "Core Data Models";
			sourceTree = "<group>";
		};
		97B61690195FFF99007E1842 /* Network Manager */ = {
			isa = PBXGroup;
			children = (
				97B61691195FFF99007E1842 /* MNNetworkManager.h */,
				97B61692195FFF99007E1842 /* MNNetworkManager.m */,
			);
			path = "Network Manager";
			sourceTree = "<group>";
		};
		97B61693195FFF99007E1842 /* Resources */ = {
			isa = PBXGroup;
			children = (
				97B61694195FFF99007E1842 /* Images */,
			);
			path = Resources;
			sourceTree = "<group>";
		};
		97B61694195FFF99007E1842 /* Images */ = {
			isa = PBXGroup;
			children = (
				97B61695195FFF99007E1842 /* Cards Table View Assets */,
				97B61697195FFF99007E1842 /* Results List View Assets */,
				97B61699195FFF99007E1842 /* Sort View Assets */,
				97B6169B195FFF99007E1842 /* Tab Icons */,
			);
			path = Images;
			sourceTree = "<group>";
		};
		97B61695195FFF99007E1842 /* Cards Table View Assets */ = {
			isa = PBXGroup;
			children = (
				97B61696195FFF99007E1842 /* plus@2x.png */,
			);
			path = "Cards Table View Assets";
			sourceTree = "<group>";
		};
		97B61697195FFF99007E1842 /* Results List View Assets */ = {
			isa = PBXGroup;
			children = (
				97B61698195FFF99007E1842 /* sort_pointer@2x.png */,
			);
			path = "Results List View Assets";
			sourceTree = "<group>";
		};
		97B61699195FFF99007E1842 /* Sort View Assets */ = {
			isa = PBXGroup;
			children = (
				97B6169A195FFF99007E1842 /* sort_option_background@2x.png */,
			);
			path = "Sort View Assets";
			sourceTree = "<group>";
		};
		97B6169B195FFF99007E1842 /* Tab Icons */ = {
			isa = PBXGroup;
			children = (
				97B6169C195FFF99007E1842 /* cards@2x.png */,
			);
			path = "Tab Icons";
			sourceTree = "<group>";
		};
		97B6169D195FFF99007E1842 /* Utilities */ = {
			isa = PBXGroup;
			children = (
				97B6169E195FFF99007E1842 /* MNConstants.h */,
				97B6169F195FFF99007E1842 /* MNUtilities.h */,
				97B616A0195FFF99007E1842 /* MNUtilities.m */,
			);
			path = Utilities;
			sourceTree = "<group>";
		};
		97B616A1195FFF99007E1842 /* Views */ = {
			isa = PBXGroup;
			children = (
				97B616A2195FFF99007E1842 /* Line Views */,
				97B616A5195FFF99007E1842 /* Top View Controllers */,
			);
			path = Views;
			sourceTree = "<group>";
		};
		97B616A2195FFF99007E1842 /* Line Views */ = {
			isa = PBXGroup;
			children = (
				97B616A3195FFF99007E1842 /* MNLineView.h */,
				97B616A4195FFF99007E1842 /* MNLineView.m */,
			);
			path = "Line Views";
			sourceTree = "<group>";
		};
		97B616A5195FFF99007E1842 /* Top View Controllers */ = {
			isa = PBXGroup;
			children = (
				97B616A6195FFF99007E1842 /* MNContactPersonCell.h */,
				97B616A7195FFF99007E1842 /* MNContactPersonCell.m */,
				97B616A8195FFF99007E1842 /* MNMyContactCardCell.h */,
				97B616A9195FFF99007E1842 /* MNMyContactCardCell.m */,
			);
			path = "Top View Controllers";
			sourceTree = "<group>";
		};
/* End PBXGroup section */

/* Begin PBXNativeTarget section */
		97B61603195FFF18007E1842 /* Contact Card */ = {
			isa = PBXNativeTarget;
			buildConfigurationList = 97B61642195FFF19007E1842 /* Build configuration list for PBXNativeTarget "Contact Card" */;
			buildPhases = (
				97B61600195FFF18007E1842 /* Sources */,
				97B61601195FFF18007E1842 /* Frameworks */,
				97B61602195FFF18007E1842 /* Resources */,
			);
			buildRules = (
			);
			dependencies = (
			);
			name = "Contact Card";
			productName = "Contact Card";
			productReference = 97B61604195FFF18007E1842 /* Contact Card.app */;
			productType = "com.apple.product-type.application";
		};
		97B6162F195FFF19007E1842 /* Contact CardTests */ = {
			isa = PBXNativeTarget;
			buildConfigurationList = 97B61645195FFF19007E1842 /* Build configuration list for PBXNativeTarget "Contact CardTests" */;
			buildPhases = (
				97B6162C195FFF19007E1842 /* Sources */,
				97B6162D195FFF19007E1842 /* Frameworks */,
				97B6162E195FFF19007E1842 /* Resources */,
			);
			buildRules = (
			);
			dependencies = (
				97B61637195FFF19007E1842 /* PBXTargetDependency */,
			);
			name = "Contact CardTests";
			productName = "Contact CardTests";
			productReference = 97B61630195FFF19007E1842 /* Contact CardTests.xctest */;
			productType = "com.apple.product-type.bundle.unit-test";
		};
/* End PBXNativeTarget section */

/* Begin PBXProject section */
		97B615FC195FFF18007E1842 /* Project object */ = {
			isa = PBXProject;
			attributes = {
				CLASSPREFIX = MN;
				LastUpgradeCheck = 0510;
				ORGANIZATIONNAME = "Ravi Vooda";
				TargetAttributes = {
					97B6162F195FFF19007E1842 = {
						TestTargetID = 97B61603195FFF18007E1842;
					};
				};
			};
			buildConfigurationList = 97B615FF195FFF18007E1842 /* Build configuration list for PBXProject "Contact Card" */;
			compatibilityVersion = "Xcode 3.2";
			developmentRegion = English;
			hasScannedForEncodings = 0;
			knownRegions = (
				en,
				Base,
			);
			mainGroup = 97B615FB195FFF18007E1842;
			productRefGroup = 97B61605195FFF18007E1842 /* Products */;
			projectDirPath = "";
			projectRoot = "";
			targets = (
				97B61603195FFF18007E1842 /* Contact Card */,
				97B6162F195FFF19007E1842 /* Contact CardTests */,
			);
		};
/* End PBXProject section */

/* Begin PBXResourcesBuildPhase section */
		97B61602195FFF18007E1842 /* Resources */ = {
			isa = PBXResourcesBuildPhase;
			buildActionMask = 2147483647;
			files = (
				97B61620195FFF18007E1842 /* Main_iPad.storyboard in Resources */,
				97B616C6195FFF99007E1842 /* plus@2x.png in Resources */,
				97B6162B195FFF19007E1842 /* Images.xcassets in Resources */,
				97B6161D195FFF18007E1842 /* Main_iPhone.storyboard in Resources */,
				97B616C7195FFF99007E1842 /* sort_pointer@2x.png in Resources */,
				97B61614195FFF18007E1842 /* InfoPlist.strings in Resources */,
				97B616C9195FFF99007E1842 /* cards@2x.png in Resources */,
				97B616C8195FFF99007E1842 /* sort_option_background@2x.png in Resources */,
			);
			runOnlyForDeploymentPostprocessing = 0;
		};
		97B6162E195FFF19007E1842 /* Resources */ = {
			isa = PBXResourcesBuildPhase;
			buildActionMask = 2147483647;
			files = (
				97B6163D195FFF19007E1842 /* InfoPlist.strings in Resources */,
			);
			runOnlyForDeploymentPostprocessing = 0;
		};
/* End PBXResourcesBuildPhase section */

/* Begin PBXSourcesBuildPhase section */
		97B61600195FFF18007E1842 /* Sources */ = {
			isa = PBXSourcesBuildPhase;
			buildActionMask = 2147483647;
			files = (
				97B616AF195FFF99007E1842 /* MNSlidingViewController.m in Sources */,
				97B616CC195FFF99007E1842 /* MNContactPersonCell.m in Sources */,
				972501EE1960239D001F7A4E /* MNContact.m in Sources */,
				97B616C5195FFF99007E1842 /* MNNetworkManager.m in Sources */,
				972501ED1960239D001F7A4E /* MNContactCard.m in Sources */,
				97B616CD195FFF99007E1842 /* MNMyContactCardCell.m in Sources */,
				97B616CB195FFF99007E1842 /* MNLineView.m in Sources */,
				972501EF1960239D001F7A4E /* MNEmail.m in Sources */,
				97B616B2195FFF99007E1842 /* ECSlidingInteractiveTransition.m in Sources */,
				97B616BA195FFF99007E1842 /* Address.m in Sources */,
				97B616BC195FFF99007E1842 /* Contact.m in Sources */,
				97B616B3195FFF99007E1842 /* ECSlidingSegue.m in Sources */,
				97B616CA195FFF99007E1842 /* MNUtilities.m in Sources */,
				97B616B5195FFF99007E1842 /* MEZoomAnimationController.m in Sources */,
				97B616AD195FFF99007E1842 /* MNMyContactsViewController.m in Sources */,
				97B616B4195FFF99007E1842 /* ECSlidingViewController.m in Sources */,
				97B616B0195FFF99007E1842 /* ECPercentDrivenInteractiveTransition.m in Sources */,
				97B616BD195FFF99007E1842 /* Email.m in Sources */,
				97B616B6195FFF99007E1842 /* UIViewController+ECSlidingViewController.m in Sources */,
				97B616BE195FFF99007E1842 /* PhoneNumber.m in Sources */,
				97B616B7195FFF99007E1842 /* MNCompany.m in Sources */,
				97B616B1195FFF99007E1842 /* ECSlidingAnimationController.m in Sources */,
				97B61616195FFF18007E1842 /* main.m in Sources */,
				972501F01960239D001F7A4E /* MNContactsManager.m in Sources */,
				97B616AE195FFF99007E1842 /* MNLeftSidePanelViewController.m in Sources */,
				97B616AC195FFF99007E1842 /* MNMyCardsTableViewController.m in Sources */,
				97B616BB195FFF99007E1842 /* Card.m in Sources */,
				97B616B9195FFF99007E1842 /* Contact.xcdatamodeld in Sources */,
				97B616AA195FFF99007E1842 /* MNAppDelegate.m in Sources */,
				97B616AB195FFF99007E1842 /* MNMyCardDetailsViewController.m in Sources */,
				972501EC1960239D001F7A4E /* MNAddress.m in Sources */,
				972501F11960239D001F7A4E /* MNPhoneNumber.m in Sources */,
				97B61623195FFF18007E1842 /* Contact_Card.xcdatamodeld in Sources */,
			);
			runOnlyForDeploymentPostprocessing = 0;
		};
		97B6162C195FFF19007E1842 /* Sources */ = {
			isa = PBXSourcesBuildPhase;
			buildActionMask = 2147483647;
			files = (
				97B6163F195FFF19007E1842 /* Contact_CardTests.m in Sources */,
			);
			runOnlyForDeploymentPostprocessing = 0;
		};
/* End PBXSourcesBuildPhase section */

/* Begin PBXTargetDependency section */
		97B61637195FFF19007E1842 /* PBXTargetDependency */ = {
			isa = PBXTargetDependency;
			target = 97B61603195FFF18007E1842 /* Contact Card */;
			targetProxy = 97B61636195FFF19007E1842 /* PBXContainerItemProxy */;
		};
/* End PBXTargetDependency section */

/* Begin PBXVariantGroup section */
		97B61612195FFF18007E1842 /* InfoPlist.strings */ = {
			isa = PBXVariantGroup;
			children = (
				97B61613195FFF18007E1842 /* en */,
			);
			name = InfoPlist.strings;
			sourceTree = "<group>";
		};
		97B6161B195FFF18007E1842 /* Main_iPhone.storyboard */ = {
			isa = PBXVariantGroup;
			children = (
				97B6161C195FFF18007E1842 /* Base */,
			);
			name = Main_iPhone.storyboard;
			sourceTree = "<group>";
		};
		97B6161E195FFF18007E1842 /* Main_iPad.storyboard */ = {
			isa = PBXVariantGroup;
			children = (
				97B6161F195FFF18007E1842 /* Base */,
			);
			name = Main_iPad.storyboard;
			sourceTree = "<group>";
		};
		97B6163B195FFF19007E1842 /* InfoPlist.strings */ = {
			isa = PBXVariantGroup;
			children = (
				97B6163C195FFF19007E1842 /* en */,
			);
			name = InfoPlist.strings;
			sourceTree = "<group>";
		};
/* End PBXVariantGroup section */

/* Begin XCBuildConfiguration section */
		97B61640195FFF19007E1842 /* Debug */ = {
			isa = XCBuildConfiguration;
			buildSettings = {
				ALWAYS_SEARCH_USER_PATHS = NO;
				CLANG_CXX_LANGUAGE_STANDARD = "gnu++0x";
				CLANG_CXX_LIBRARY = "libc++";
				CLANG_ENABLE_MODULES = YES;
				CLANG_ENABLE_OBJC_ARC = YES;
				CLANG_WARN_BOOL_CONVERSION = YES;
				CLANG_WARN_CONSTANT_CONVERSION = YES;
				CLANG_WARN_DIRECT_OBJC_ISA_USAGE = YES_ERROR;
				CLANG_WARN_EMPTY_BODY = YES;
				CLANG_WARN_ENUM_CONVERSION = YES;
				CLANG_WARN_INT_CONVERSION = YES;
				CLANG_WARN_OBJC_ROOT_CLASS = YES_ERROR;
				CLANG_WARN__DUPLICATE_METHOD_MATCH = YES;
				"CODE_SIGN_IDENTITY[sdk=iphoneos*]" = "iPhone Developer";
				COPY_PHASE_STRIP = NO;
				GCC_C_LANGUAGE_STANDARD = gnu99;
				GCC_DYNAMIC_NO_PIC = NO;
				GCC_OPTIMIZATION_LEVEL = 0;
				GCC_PREPROCESSOR_DEFINITIONS = (
					"DEBUG=1",
					"$(inherited)",
				);
				GCC_SYMBOLS_PRIVATE_EXTERN = NO;
				GCC_WARN_64_TO_32_BIT_CONVERSION = YES;
				GCC_WARN_ABOUT_RETURN_TYPE = YES_ERROR;
				GCC_WARN_UNDECLARED_SELECTOR = YES;
				GCC_WARN_UNINITIALIZED_AUTOS = YES_AGGRESSIVE;
				GCC_WARN_UNUSED_FUNCTION = YES;
				GCC_WARN_UNUSED_VARIABLE = YES;
				IPHONEOS_DEPLOYMENT_TARGET = 7.1;
				ONLY_ACTIVE_ARCH = YES;
				SDKROOT = iphoneos;
				TARGETED_DEVICE_FAMILY = "1,2";
			};
			name = Debug;
		};
		97B61641195FFF19007E1842 /* Release */ = {
			isa = XCBuildConfiguration;
			buildSettings = {
				ALWAYS_SEARCH_USER_PATHS = NO;
				CLANG_CXX_LANGUAGE_STANDARD = "gnu++0x";
				CLANG_CXX_LIBRARY = "libc++";
				CLANG_ENABLE_MODULES = YES;
				CLANG_ENABLE_OBJC_ARC = YES;
				CLANG_WARN_BOOL_CONVERSION = YES;
				CLANG_WARN_CONSTANT_CONVERSION = YES;
				CLANG_WARN_DIRECT_OBJC_ISA_USAGE = YES_ERROR;
				CLANG_WARN_EMPTY_BODY = YES;
				CLANG_WARN_ENUM_CONVERSION = YES;
				CLANG_WARN_INT_CONVERSION = YES;
				CLANG_WARN_OBJC_ROOT_CLASS = YES_ERROR;
				CLANG_WARN__DUPLICATE_METHOD_MATCH = YES;
				"CODE_SIGN_IDENTITY[sdk=iphoneos*]" = "iPhone Developer";
				COPY_PHASE_STRIP = YES;
				ENABLE_NS_ASSERTIONS = NO;
				GCC_C_LANGUAGE_STANDARD = gnu99;
				GCC_WARN_64_TO_32_BIT_CONVERSION = YES;
				GCC_WARN_ABOUT_RETURN_TYPE = YES_ERROR;
				GCC_WARN_UNDECLARED_SELECTOR = YES;
				GCC_WARN_UNINITIALIZED_AUTOS = YES_AGGRESSIVE;
				GCC_WARN_UNUSED_FUNCTION = YES;
				GCC_WARN_UNUSED_VARIABLE = YES;
				IPHONEOS_DEPLOYMENT_TARGET = 7.1;
				SDKROOT = iphoneos;
				TARGETED_DEVICE_FAMILY = "1,2";
				VALIDATE_PRODUCT = YES;
			};
			name = Release;
		};
		97B61643195FFF19007E1842 /* Debug */ = {
			isa = XCBuildConfiguration;
			buildSettings = {
				ASSETCATALOG_COMPILER_APPICON_NAME = AppIcon;
				ASSETCATALOG_COMPILER_LAUNCHIMAGE_NAME = LaunchImage;
				GCC_PRECOMPILE_PREFIX_HEADER = YES;
				GCC_PREFIX_HEADER = "Contact Card/Contact Card-Prefix.pch";
				INFOPLIST_FILE = "Contact Card/Contact Card-Info.plist";
				PRODUCT_NAME = "$(TARGET_NAME)";
				WRAPPER_EXTENSION = app;
			};
			name = Debug;
		};
		97B61644195FFF19007E1842 /* Release */ = {
			isa = XCBuildConfiguration;
			buildSettings = {
				ASSETCATALOG_COMPILER_APPICON_NAME = AppIcon;
				ASSETCATALOG_COMPILER_LAUNCHIMAGE_NAME = LaunchImage;
				GCC_PRECOMPILE_PREFIX_HEADER = YES;
				GCC_PREFIX_HEADER = "Contact Card/Contact Card-Prefix.pch";
				INFOPLIST_FILE = "Contact Card/Contact Card-Info.plist";
				PRODUCT_NAME = "$(TARGET_NAME)";
				WRAPPER_EXTENSION = app;
			};
			name = Release;
		};
		97B61646195FFF19007E1842 /* Debug */ = {
			isa = XCBuildConfiguration;
			buildSettings = {
				BUNDLE_LOADER = "$(BUILT_PRODUCTS_DIR)/Contact Card.app/Contact Card";
				FRAMEWORK_SEARCH_PATHS = (
					"$(SDKROOT)/Developer/Library/Frameworks",
					"$(inherited)",
					"$(DEVELOPER_FRAMEWORKS_DIR)",
				);
				GCC_PRECOMPILE_PREFIX_HEADER = YES;
				GCC_PREFIX_HEADER = "Contact Card/Contact Card-Prefix.pch";
				GCC_PREPROCESSOR_DEFINITIONS = (
					"DEBUG=1",
					"$(inherited)",
				);
				INFOPLIST_FILE = "Contact CardTests/Contact CardTests-Info.plist";
				PRODUCT_NAME = "$(TARGET_NAME)";
				TEST_HOST = "$(BUNDLE_LOADER)";
				WRAPPER_EXTENSION = xctest;
			};
			name = Debug;
		};
		97B61647195FFF19007E1842 /* Release */ = {
			isa = XCBuildConfiguration;
			buildSettings = {
				BUNDLE_LOADER = "$(BUILT_PRODUCTS_DIR)/Contact Card.app/Contact Card";
				FRAMEWORK_SEARCH_PATHS = (
					"$(SDKROOT)/Developer/Library/Frameworks",
					"$(inherited)",
					"$(DEVELOPER_FRAMEWORKS_DIR)",
				);
				GCC_PRECOMPILE_PREFIX_HEADER = YES;
				GCC_PREFIX_HEADER = "Contact Card/Contact Card-Prefix.pch";
				INFOPLIST_FILE = "Contact CardTests/Contact CardTests-Info.plist";
				PRODUCT_NAME = "$(TARGET_NAME)";
				TEST_HOST = "$(BUNDLE_LOADER)";
				WRAPPER_EXTENSION = xctest;
			};
			name = Release;
		};
/* End XCBuildConfiguration section */

/* Begin XCConfigurationList section */
		97B615FF195FFF18007E1842 /* Build configuration list for PBXProject "Contact Card" */ = {
			isa = XCConfigurationList;
			buildConfigurations = (
				97B61640195FFF19007E1842 /* Debug */,
				97B61641195FFF19007E1842 /* Release */,
			);
			defaultConfigurationIsVisible = 0;
			defaultConfigurationName = Release;
		};
		97B61642195FFF19007E1842 /* Build configuration list for PBXNativeTarget "Contact Card" */ = {
			isa = XCConfigurationList;
			buildConfigurations = (
				97B61643195FFF19007E1842 /* Debug */,
				97B61644195FFF19007E1842 /* Release */,
			);
			defaultConfigurationIsVisible = 0;
			defaultConfigurationName = Release;
		};
		97B61645195FFF19007E1842 /* Build configuration list for PBXNativeTarget "Contact CardTests" */ = {
			isa = XCConfigurationList;
			buildConfigurations = (
				97B61646195FFF19007E1842 /* Debug */,
				97B61647195FFF19007E1842 /* Release */,
			);
			defaultConfigurationIsVisible = 0;
			defaultConfigurationName = Release;
		};
/* End XCConfigurationList section */

/* Begin XCVersionGroup section */
		97B61621195FFF18007E1842 /* Contact_Card.xcdatamodeld */ = {
			isa = XCVersionGroup;
			children = (
				97B61622195FFF18007E1842 /* Contact_Card.xcdatamodel */,
			);
			currentVersion = 97B61622195FFF18007E1842 /* Contact_Card.xcdatamodel */;
			path = Contact_Card.xcdatamodeld;
			sourceTree = "<group>";
			versionGroupType = wrapper.xcdatamodel;
		};
		97B61676195FFF99007E1842 /* Contact.xcdatamodeld */ = {
			isa = XCVersionGroup;
			children = (
				97B61677195FFF99007E1842 /* Contact.xcdatamodel */,
			);
			currentVersion = 97B61677195FFF99007E1842 /* Contact.xcdatamodel */;
			path = Contact.xcdatamodeld;
			sourceTree = "<group>";
			versionGroupType = wrapper.xcdatamodel;
		};
/* End XCVersionGroup section */
	};
	rootObject = 97B615FC195FFF18007E1842 /* Project object */;
}
