// !$*UTF8*$!
{
	archiveVersion = 1;
	classes = {
	};
	objectVersion = 46;
	objects = {

/* Begin PBXBuildFile section */
		9722248518A27D7300D64BC2 /* MNAppDelegate.m in Sources */ = {isa = PBXBuildFile; fileRef = 9722248418A27D7300D64BC2 /* MNAppDelegate.m */; };
		9722249118A2843700D64BC2 /* MNContact.m in Sources */ = {isa = PBXBuildFile; fileRef = 9722249018A2843700D64BC2 /* MNContact.m */; };
		9722249418A2844900D64BC2 /* MNCompany.m in Sources */ = {isa = PBXBuildFile; fileRef = 9722249318A2844900D64BC2 /* MNCompany.m */; };
		9722249718A284A800D64BC2 /* MNAddress.m in Sources */ = {isa = PBXBuildFile; fileRef = 9722249618A284A800D64BC2 /* MNAddress.m */; };
		9722249A18A2953F00D64BC2 /* MNContactViewController.m in Sources */ = {isa = PBXBuildFile; fileRef = 9722249918A2953F00D64BC2 /* MNContactViewController.m */; };
		9763F7B3189D0F3A00C628E4 /* Foundation.framework in Frameworks */ = {isa = PBXBuildFile; fileRef = 9763F7B2189D0F3A00C628E4 /* Foundation.framework */; };
		9763F7B5189D0F3A00C628E4 /* CoreGraphics.framework in Frameworks */ = {isa = PBXBuildFile; fileRef = 9763F7B4189D0F3A00C628E4 /* CoreGraphics.framework */; };
		9763F7B7189D0F3A00C628E4 /* UIKit.framework in Frameworks */ = {isa = PBXBuildFile; fileRef = 9763F7B6189D0F3A00C628E4 /* UIKit.framework */; };
		9763F7BD189D0F3A00C628E4 /* InfoPlist.strings in Resources */ = {isa = PBXBuildFile; fileRef = 9763F7BB189D0F3A00C628E4 /* InfoPlist.strings */; };
		9763F7BF189D0F3A00C628E4 /* main.m in Sources */ = {isa = PBXBuildFile; fileRef = 9763F7BE189D0F3A00C628E4 /* main.m */; };
		9763F7C6189D0F3A00C628E4 /* Main_iPhone.storyboard in Resources */ = {isa = PBXBuildFile; fileRef = 9763F7C4189D0F3A00C628E4 /* Main_iPhone.storyboard */; };
		9763F7C9189D0F3A00C628E4 /* Main_iPad.storyboard in Resources */ = {isa = PBXBuildFile; fileRef = 9763F7C7189D0F3A00C628E4 /* Main_iPad.storyboard */; };
		9763F7CE189D0F3A00C628E4 /* Images.xcassets in Resources */ = {isa = PBXBuildFile; fileRef = 9763F7CD189D0F3A00C628E4 /* Images.xcassets */; };
		9763F7D5189D0F3A00C628E4 /* XCTest.framework in Frameworks */ = {isa = PBXBuildFile; fileRef = 9763F7D4189D0F3A00C628E4 /* XCTest.framework */; };
		9763F7D6189D0F3A00C628E4 /* Foundation.framework in Frameworks */ = {isa = PBXBuildFile; fileRef = 9763F7B2189D0F3A00C628E4 /* Foundation.framework */; };
		9763F7D7189D0F3A00C628E4 /* UIKit.framework in Frameworks */ = {isa = PBXBuildFile; fileRef = 9763F7B6189D0F3A00C628E4 /* UIKit.framework */; };
		9763F7DF189D0F3A00C628E4 /* InfoPlist.strings in Resources */ = {isa = PBXBuildFile; fileRef = 9763F7DD189D0F3A00C628E4 /* InfoPlist.strings */; };
		9763F7E1189D0F3A00C628E4 /* Contact_CardTests.m in Sources */ = {isa = PBXBuildFile; fileRef = 9763F7E0189D0F3A00C628E4 /* Contact_CardTests.m */; };
		9763F7F0189D113700C628E4 /* cat.png in Resources */ = {isa = PBXBuildFile; fileRef = 9763F7EF189D113700C628E4 /* cat.png */; };
		97B9FC1818A377D5001BDF52 /* MNNetworkManager.m in Sources */ = {isa = PBXBuildFile; fileRef = 97B9FC1718A377D5001BDF52 /* MNNetworkManager.m */; };
/* End PBXBuildFile section */

/* Begin PBXContainerItemProxy section */
		9763F7D8189D0F3A00C628E4 /* PBXContainerItemProxy */ = {
			isa = PBXContainerItemProxy;
			containerPortal = 9763F7A7189D0F3A00C628E4 /* Project object */;
			proxyType = 1;
			remoteGlobalIDString = 9763F7AE189D0F3A00C628E4;
			remoteInfo = "Contact Card";
		};
/* End PBXContainerItemProxy section */

/* Begin PBXFileReference section */
		9722248318A27D7300D64BC2 /* MNAppDelegate.h */ = {isa = PBXFileReference; fileEncoding = 4; lastKnownFileType = sourcecode.c.h; path = MNAppDelegate.h; sourceTree = "<group>"; };
		9722248418A27D7300D64BC2 /* MNAppDelegate.m */ = {isa = PBXFileReference; fileEncoding = 4; lastKnownFileType = sourcecode.c.objc; path = MNAppDelegate.m; sourceTree = "<group>"; };
		9722248F18A2843700D64BC2 /* MNContact.h */ = {isa = PBXFileReference; fileEncoding = 4; lastKnownFileType = sourcecode.c.h; path = MNContact.h; sourceTree = "<group>"; };
		9722249018A2843700D64BC2 /* MNContact.m */ = {isa = PBXFileReference; fileEncoding = 4; lastKnownFileType = sourcecode.c.objc; path = MNContact.m; sourceTree = "<group>"; };
		9722249218A2844900D64BC2 /* MNCompany.h */ = {isa = PBXFileReference; fileEncoding = 4; lastKnownFileType = sourcecode.c.h; path = MNCompany.h; sourceTree = "<group>"; };
		9722249318A2844900D64BC2 /* MNCompany.m */ = {isa = PBXFileReference; fileEncoding = 4; lastKnownFileType = sourcecode.c.objc; path = MNCompany.m; sourceTree = "<group>"; };
		9722249518A284A800D64BC2 /* MNAddress.h */ = {isa = PBXFileReference; fileEncoding = 4; lastKnownFileType = sourcecode.c.h; path = MNAddress.h; sourceTree = "<group>"; };
		9722249618A284A800D64BC2 /* MNAddress.m */ = {isa = PBXFileReference; fileEncoding = 4; lastKnownFileType = sourcecode.c.objc; path = MNAddress.m; sourceTree = "<group>"; };
		9722249818A2953F00D64BC2 /* MNContactViewController.h */ = {isa = PBXFileReference; fileEncoding = 4; lastKnownFileType = sourcecode.c.h; path = MNContactViewController.h; sourceTree = "<group>"; };
		9722249918A2953F00D64BC2 /* MNContactViewController.m */ = {isa = PBXFileReference; fileEncoding = 4; lastKnownFileType = sourcecode.c.objc; path = MNContactViewController.m; sourceTree = "<group>"; };
		9763F7AF189D0F3A00C628E4 /* Contact Card.app */ = {isa = PBXFileReference; explicitFileType = wrapper.application; includeInIndex = 0; path = "Contact Card.app"; sourceTree = BUILT_PRODUCTS_DIR; };
		9763F7B2189D0F3A00C628E4 /* Foundation.framework */ = {isa = PBXFileReference; lastKnownFileType = wrapper.framework; name = Foundation.framework; path = System/Library/Frameworks/Foundation.framework; sourceTree = SDKROOT; };
		9763F7B4189D0F3A00C628E4 /* CoreGraphics.framework */ = {isa = PBXFileReference; lastKnownFileType = wrapper.framework; name = CoreGraphics.framework; path = System/Library/Frameworks/CoreGraphics.framework; sourceTree = SDKROOT; };
		9763F7B6189D0F3A00C628E4 /* UIKit.framework */ = {isa = PBXFileReference; lastKnownFileType = wrapper.framework; name = UIKit.framework; path = System/Library/Frameworks/UIKit.framework; sourceTree = SDKROOT; };
		9763F7BA189D0F3A00C628E4 /* Contact Card-Info.plist */ = {isa = PBXFileReference; lastKnownFileType = text.plist.xml; path = "Contact Card-Info.plist"; sourceTree = "<group>"; };
		9763F7BC189D0F3A00C628E4 /* en */ = {isa = PBXFileReference; lastKnownFileType = text.plist.strings; name = en; path = en.lproj/InfoPlist.strings; sourceTree = "<group>"; };
		9763F7BE189D0F3A00C628E4 /* main.m */ = {isa = PBXFileReference; lastKnownFileType = sourcecode.c.objc; path = main.m; sourceTree = "<group>"; };
		9763F7C0189D0F3A00C628E4 /* Contact Card-Prefix.pch */ = {isa = PBXFileReference; lastKnownFileType = sourcecode.c.h; path = "Contact Card-Prefix.pch"; sourceTree = "<group>"; };
		9763F7C5189D0F3A00C628E4 /* Base */ = {isa = PBXFileReference; lastKnownFileType = file.storyboard; name = Base; path = Base.lproj/Main_iPhone.storyboard; sourceTree = "<group>"; };
		9763F7C8189D0F3A00C628E4 /* Base */ = {isa = PBXFileReference; lastKnownFileType = file.storyboard; name = Base; path = Base.lproj/Main_iPad.storyboard; sourceTree = "<group>"; };
		9763F7CD189D0F3A00C628E4 /* Images.xcassets */ = {isa = PBXFileReference; lastKnownFileType = folder.assetcatalog; name = Images.xcassets; path = "Contact Card/Images.xcassets"; sourceTree = "<group>"; };
		9763F7D3189D0F3A00C628E4 /* Contact CardTests.xctest */ = {isa = PBXFileReference; explicitFileType = wrapper.cfbundle; includeInIndex = 0; path = "Contact CardTests.xctest"; sourceTree = BUILT_PRODUCTS_DIR; };
		9763F7D4189D0F3A00C628E4 /* XCTest.framework */ = {isa = PBXFileReference; lastKnownFileType = wrapper.framework; name = XCTest.framework; path = Library/Frameworks/XCTest.framework; sourceTree = DEVELOPER_DIR; };
		9763F7DC189D0F3A00C628E4 /* Contact CardTests-Info.plist */ = {isa = PBXFileReference; lastKnownFileType = text.plist.xml; path = "Contact CardTests-Info.plist"; sourceTree = "<group>"; };
		9763F7DE189D0F3A00C628E4 /* en */ = {isa = PBXFileReference; lastKnownFileType = text.plist.strings; name = en; path = en.lproj/InfoPlist.strings; sourceTree = "<group>"; };
		9763F7E0189D0F3A00C628E4 /* Contact_CardTests.m */ = {isa = PBXFileReference; lastKnownFileType = sourcecode.c.objc; path = Contact_CardTests.m; sourceTree = "<group>"; };
		9763F7EF189D113700C628E4 /* cat.png */ = {isa = PBXFileReference; lastKnownFileType = image.png; path = cat.png; sourceTree = "<group>"; };
		97B9FC1618A377D5001BDF52 /* MNNetworkManager.h */ = {isa = PBXFileReference; fileEncoding = 4; lastKnownFileType = sourcecode.c.h; path = MNNetworkManager.h; sourceTree = "<group>"; };
		97B9FC1718A377D5001BDF52 /* MNNetworkManager.m */ = {isa = PBXFileReference; fileEncoding = 4; lastKnownFileType = sourcecode.c.objc; path = MNNetworkManager.m; sourceTree = "<group>"; };
		97B9FC1A18A3EDFA001BDF52 /* MNConstants.h */ = {isa = PBXFileReference; fileEncoding = 4; lastKnownFileType = sourcecode.c.h; path = MNConstants.h; sourceTree = "<group>"; };
/* End PBXFileReference section */

/* Begin PBXFrameworksBuildPhase section */
		9763F7AC189D0F3A00C628E4 /* Frameworks */ = {
			isa = PBXFrameworksBuildPhase;
			buildActionMask = 2147483647;
			files = (
				9763F7B5189D0F3A00C628E4 /* CoreGraphics.framework in Frameworks */,
				9763F7B7189D0F3A00C628E4 /* UIKit.framework in Frameworks */,
				9763F7B3189D0F3A00C628E4 /* Foundation.framework in Frameworks */,
			);
			runOnlyForDeploymentPostprocessing = 0;
		};
		9763F7D0189D0F3A00C628E4 /* Frameworks */ = {
			isa = PBXFrameworksBuildPhase;
			buildActionMask = 2147483647;
			files = (
				9763F7D5189D0F3A00C628E4 /* XCTest.framework in Frameworks */,
				9763F7D7189D0F3A00C628E4 /* UIKit.framework in Frameworks */,
				9763F7D6189D0F3A00C628E4 /* Foundation.framework in Frameworks */,
			);
			runOnlyForDeploymentPostprocessing = 0;
		};
/* End PBXFrameworksBuildPhase section */

/* Begin PBXGroup section */
		9722248618A27DAE00D64BC2 /* Controllers */ = {
			isa = PBXGroup;
			children = (
				9722249818A2953F00D64BC2 /* MNContactViewController.h */,
				9722249918A2953F00D64BC2 /* MNContactViewController.m */,
			);
			path = Controllers;
			sourceTree = "<group>";
		};
		9722248718A27DAE00D64BC2 /* Models */ = {
			isa = PBXGroup;
			children = (
				9722248C18A2843700D64BC2 /* Address */,
				9722248D18A2843700D64BC2 /* Company */,
				9722248E18A2843700D64BC2 /* Contact */,
			);
			path = Models;
			sourceTree = "<group>";
		};
		9722248818A27DAE00D64BC2 /* Views */ = {
			isa = PBXGroup;
			children = (
			);
			path = Views;
			sourceTree = "<group>";
		};
		9722248C18A2843700D64BC2 /* Address */ = {
			isa = PBXGroup;
			children = (
				9722249518A284A800D64BC2 /* MNAddress.h */,
				9722249618A284A800D64BC2 /* MNAddress.m */,
			);
			path = Address;
			sourceTree = "<group>";
		};
		9722248D18A2843700D64BC2 /* Company */ = {
			isa = PBXGroup;
			children = (
				9722249218A2844900D64BC2 /* MNCompany.h */,
				9722249318A2844900D64BC2 /* MNCompany.m */,
			);
			path = Company;
			sourceTree = "<group>";
		};
		9722248E18A2843700D64BC2 /* Contact */ = {
			isa = PBXGroup;
			children = (
				9722248F18A2843700D64BC2 /* MNContact.h */,
				9722249018A2843700D64BC2 /* MNContact.m */,
			);
			path = Contact;
			sourceTree = "<group>";
		};
		9763F7A6189D0F3A00C628E4 = {
			isa = PBXGroup;
			children = (
				9763F7B8189D0F3A00C628E4 /* Contact Card */,
				9763F7CD189D0F3A00C628E4 /* Images.xcassets */,
				9763F7DA189D0F3A00C628E4 /* Contact CardTests */,
				9763F7B1189D0F3A00C628E4 /* Frameworks */,
				9763F7B0189D0F3A00C628E4 /* Products */,
			);
			sourceTree = "<group>";
		};
		9763F7B0189D0F3A00C628E4 /* Products */ = {
			isa = PBXGroup;
			children = (
				9763F7AF189D0F3A00C628E4 /* Contact Card.app */,
				9763F7D3189D0F3A00C628E4 /* Contact CardTests.xctest */,
			);
			name = Products;
			sourceTree = "<group>";
		};
		9763F7B1189D0F3A00C628E4 /* Frameworks */ = {
			isa = PBXGroup;
			children = (
				9763F7B2189D0F3A00C628E4 /* Foundation.framework */,
				9763F7B4189D0F3A00C628E4 /* CoreGraphics.framework */,
				9763F7B6189D0F3A00C628E4 /* UIKit.framework */,
				9763F7D4189D0F3A00C628E4 /* XCTest.framework */,
			);
			name = Frameworks;
			sourceTree = "<group>";
		};
		9763F7B8189D0F3A00C628E4 /* Contact Card */ = {
			isa = PBXGroup;
			children = (
				97B9FC1918A3EDB9001BDF52 /* Utilities */,
				97B9FC1518A377BE001BDF52 /* Network Manager */,
				9722248618A27DAE00D64BC2 /* Controllers */,
				9722248718A27DAE00D64BC2 /* Models */,
				9722248818A27DAE00D64BC2 /* Views */,
				9763F7EA189D0FC500C628E4 /* Other */,
				9763F7EB189D0FC500C628E4 /* Resources */,
				9763F7EC189D0FD600C628E4 /* StoryBoards */,
				9763F7B9189D0F3A00C628E4 /* Supporting Files */,
			);
			path = "Contact Card";
			sourceTree = "<group>";
		};
		9763F7B9189D0F3A00C628E4 /* Supporting Files */ = {
			isa = PBXGroup;
			children = (
				9763F7BA189D0F3A00C628E4 /* Contact Card-Info.plist */,
				9763F7BB189D0F3A00C628E4 /* InfoPlist.strings */,
				9763F7BE189D0F3A00C628E4 /* main.m */,
				9763F7C0189D0F3A00C628E4 /* Contact Card-Prefix.pch */,
			);
			name = "Supporting Files";
			sourceTree = "<group>";
		};
		9763F7DA189D0F3A00C628E4 /* Contact CardTests */ = {
			isa = PBXGroup;
			children = (
				9763F7E0189D0F3A00C628E4 /* Contact_CardTests.m */,
				9763F7DB189D0F3A00C628E4 /* Supporting Files */,
			);
			path = "Contact CardTests";
			sourceTree = "<group>";
		};
		9763F7DB189D0F3A00C628E4 /* Supporting Files */ = {
			isa = PBXGroup;
			children = (
				9763F7DC189D0F3A00C628E4 /* Contact CardTests-Info.plist */,
				9763F7DD189D0F3A00C628E4 /* InfoPlist.strings */,
			);
			name = "Supporting Files";
			sourceTree = "<group>";
		};
		9763F7EA189D0FC500C628E4 /* Other */ = {
			isa = PBXGroup;
			children = (
				9722248318A27D7300D64BC2 /* MNAppDelegate.h */,
				9722248418A27D7300D64BC2 /* MNAppDelegate.m */,
			);
			path = Other;
			sourceTree = "<group>";
		};
		9763F7EB189D0FC500C628E4 /* Resources */ = {
			isa = PBXGroup;
			children = (
				9763F7EF189D113700C628E4 /* cat.png */,
			);
			path = Resources;
			sourceTree = "<group>";
		};
		9763F7EC189D0FD600C628E4 /* StoryBoards */ = {
			isa = PBXGroup;
			children = (
				9763F7C4189D0F3A00C628E4 /* Main_iPhone.storyboard */,
				9763F7C7189D0F3A00C628E4 /* Main_iPad.storyboard */,
			);
			name = StoryBoards;
			sourceTree = "<group>";
		};
		97B9FC1518A377BE001BDF52 /* Network Manager */ = {
			isa = PBXGroup;
			children = (
				97B9FC1618A377D5001BDF52 /* MNNetworkManager.h */,
				97B9FC1718A377D5001BDF52 /* MNNetworkManager.m */,
			);
			path = "Network Manager";
			sourceTree = "<group>";
		};
		97B9FC1918A3EDB9001BDF52 /* Utilities */ = {
			isa = PBXGroup;
			children = (
				97B9FC1A18A3EDFA001BDF52 /* MNConstants.h */,
			);
			path = Utilities;
			sourceTree = "<group>";
		};
/* End PBXGroup section */

/* Begin PBXNativeTarget section */
		9763F7AE189D0F3A00C628E4 /* Contact Card */ = {
			isa = PBXNativeTarget;
			buildConfigurationList = 9763F7E4189D0F3A00C628E4 /* Build configuration list for PBXNativeTarget "Contact Card" */;
			buildPhases = (
				9763F7AB189D0F3A00C628E4 /* Sources */,
				9763F7AC189D0F3A00C628E4 /* Frameworks */,
				9763F7AD189D0F3A00C628E4 /* Resources */,
			);
			buildRules = (
			);
			dependencies = (
			);
			name = "Contact Card";
			productName = "Contact Card";
			productReference = 9763F7AF189D0F3A00C628E4 /* Contact Card.app */;
			productType = "com.apple.product-type.application";
		};
		9763F7D2189D0F3A00C628E4 /* Contact CardTests */ = {
			isa = PBXNativeTarget;
			buildConfigurationList = 9763F7E7189D0F3A00C628E4 /* Build configuration list for PBXNativeTarget "Contact CardTests" */;
			buildPhases = (
				9763F7CF189D0F3A00C628E4 /* Sources */,
				9763F7D0189D0F3A00C628E4 /* Frameworks */,
				9763F7D1189D0F3A00C628E4 /* Resources */,
			);
			buildRules = (
			);
			dependencies = (
				9763F7D9189D0F3A00C628E4 /* PBXTargetDependency */,
			);
			name = "Contact CardTests";
			productName = "Contact CardTests";
			productReference = 9763F7D3189D0F3A00C628E4 /* Contact CardTests.xctest */;
			productType = "com.apple.product-type.bundle.unit-test";
		};
/* End PBXNativeTarget section */

/* Begin PBXProject section */
		9763F7A7189D0F3A00C628E4 /* Project object */ = {
			isa = PBXProject;
			attributes = {
				CLASSPREFIX = MN;
				LastUpgradeCheck = 0500;
				ORGANIZATIONNAME = Mafians;
				TargetAttributes = {
					9763F7D2189D0F3A00C628E4 = {
						TestTargetID = 9763F7AE189D0F3A00C628E4;
					};
				};
			};
			buildConfigurationList = 9763F7AA189D0F3A00C628E4 /* Build configuration list for PBXProject "Contact Card" */;
			compatibilityVersion = "Xcode 3.2";
			developmentRegion = English;
			hasScannedForEncodings = 0;
			knownRegions = (
				en,
				Base,
			);
			mainGroup = 9763F7A6189D0F3A00C628E4;
			productRefGroup = 9763F7B0189D0F3A00C628E4 /* Products */;
			projectDirPath = "";
			projectRoot = "";
			targets = (
				9763F7AE189D0F3A00C628E4 /* Contact Card */,
				9763F7D2189D0F3A00C628E4 /* Contact CardTests */,
			);
		};
/* End PBXProject section */

/* Begin PBXResourcesBuildPhase section */
		9763F7AD189D0F3A00C628E4 /* Resources */ = {
			isa = PBXResourcesBuildPhase;
			buildActionMask = 2147483647;
			files = (
				9763F7F0189D113700C628E4 /* cat.png in Resources */,
				9763F7C9189D0F3A00C628E4 /* Main_iPad.storyboard in Resources */,
				9763F7CE189D0F3A00C628E4 /* Images.xcassets in Resources */,
				9763F7C6189D0F3A00C628E4 /* Main_iPhone.storyboard in Resources */,
				9763F7BD189D0F3A00C628E4 /* InfoPlist.strings in Resources */,
			);
			runOnlyForDeploymentPostprocessing = 0;
		};
		9763F7D1189D0F3A00C628E4 /* Resources */ = {
			isa = PBXResourcesBuildPhase;
			buildActionMask = 2147483647;
			files = (
				9763F7DF189D0F3A00C628E4 /* InfoPlist.strings in Resources */,
			);
			runOnlyForDeploymentPostprocessing = 0;
		};
/* End PBXResourcesBuildPhase section */

/* Begin PBXSourcesBuildPhase section */
		9763F7AB189D0F3A00C628E4 /* Sources */ = {
			isa = PBXSourcesBuildPhase;
			buildActionMask = 2147483647;
			files = (
				9722249A18A2953F00D64BC2 /* MNContactViewController.m in Sources */,
				9722249418A2844900D64BC2 /* MNCompany.m in Sources */,
				9763F7BF189D0F3A00C628E4 /* main.m in Sources */,
				9722249118A2843700D64BC2 /* MNContact.m in Sources */,
				9722248518A27D7300D64BC2 /* MNAppDelegate.m in Sources */,
				97B9FC1818A377D5001BDF52 /* MNNetworkManager.m in Sources */,
				9722249718A284A800D64BC2 /* MNAddress.m in Sources */,
			);
			runOnlyForDeploymentPostprocessing = 0;
		};
		9763F7CF189D0F3A00C628E4 /* Sources */ = {
			isa = PBXSourcesBuildPhase;
			buildActionMask = 2147483647;
			files = (
				9763F7E1189D0F3A00C628E4 /* Contact_CardTests.m in Sources */,
			);
			runOnlyForDeploymentPostprocessing = 0;
		};
/* End PBXSourcesBuildPhase section */

/* Begin PBXTargetDependency section */
		9763F7D9189D0F3A00C628E4 /* PBXTargetDependency */ = {
			isa = PBXTargetDependency;
			target = 9763F7AE189D0F3A00C628E4 /* Contact Card */;
			targetProxy = 9763F7D8189D0F3A00C628E4 /* PBXContainerItemProxy */;
		};
/* End PBXTargetDependency section */

/* Begin PBXVariantGroup section */
		9763F7BB189D0F3A00C628E4 /* InfoPlist.strings */ = {
			isa = PBXVariantGroup;
			children = (
				9763F7BC189D0F3A00C628E4 /* en */,
			);
			name = InfoPlist.strings;
			sourceTree = "<group>";
		};
		9763F7C4189D0F3A00C628E4 /* Main_iPhone.storyboard */ = {
			isa = PBXVariantGroup;
			children = (
				9763F7C5189D0F3A00C628E4 /* Base */,
			);
			name = Main_iPhone.storyboard;
			sourceTree = "<group>";
		};
		9763F7C7189D0F3A00C628E4 /* Main_iPad.storyboard */ = {
			isa = PBXVariantGroup;
			children = (
				9763F7C8189D0F3A00C628E4 /* Base */,
			);
			name = Main_iPad.storyboard;
			sourceTree = "<group>";
		};
		9763F7DD189D0F3A00C628E4 /* InfoPlist.strings */ = {
			isa = PBXVariantGroup;
			children = (
				9763F7DE189D0F3A00C628E4 /* en */,
			);
			name = InfoPlist.strings;
			sourceTree = "<group>";
		};
/* End PBXVariantGroup section */

/* Begin XCBuildConfiguration section */
		9763F7E2189D0F3A00C628E4 /* Debug */ = {
			isa = XCBuildConfiguration;
			buildSettings = {
				ALWAYS_SEARCH_USER_PATHS = NO;
				ARCHS = "$(ARCHS_STANDARD_INCLUDING_64_BIT)";
				CLANG_CXX_LANGUAGE_STANDARD = "gnu++0x";
				CLANG_CXX_LIBRARY = "libc++";
				CLANG_ENABLE_MODULES = YES;
				CLANG_ENABLE_OBJC_ARC = YES;
				CLANG_WARN_BOOL_CONVERSION = YES;
				CLANG_WARN_CONSTANT_CONVERSION = YES;
				CLANG_WARN_DIRECT_OBJC_ISA_USAGE = YES_ERROR;
				CLANG_WARN_EMPTY_BODY = YES;
				CLANG_WARN_ENUM_CONVERSION = YES;
				CLANG_WARN_INT_CONVERSION = YES;
				CLANG_WARN_OBJC_ROOT_CLASS = YES_ERROR;
				CLANG_WARN__DUPLICATE_METHOD_MATCH = YES;
				"CODE_SIGN_IDENTITY[sdk=iphoneos*]" = "iPhone Developer";
				COPY_PHASE_STRIP = NO;
				GCC_C_LANGUAGE_STANDARD = gnu99;
				GCC_DYNAMIC_NO_PIC = NO;
				GCC_OPTIMIZATION_LEVEL = 0;
				GCC_PREPROCESSOR_DEFINITIONS = (
					"DEBUG=1",
					"$(inherited)",
				);
				GCC_SYMBOLS_PRIVATE_EXTERN = NO;
				GCC_WARN_64_TO_32_BIT_CONVERSION = YES;
				GCC_WARN_ABOUT_RETURN_TYPE = YES_ERROR;
				GCC_WARN_UNDECLARED_SELECTOR = YES;
				GCC_WARN_UNINITIALIZED_AUTOS = YES;
				GCC_WARN_UNUSED_FUNCTION = YES;
				GCC_WARN_UNUSED_VARIABLE = YES;
				IPHONEOS_DEPLOYMENT_TARGET = 7.0;
				ONLY_ACTIVE_ARCH = YES;
				SDKROOT = iphoneos;
				TARGETED_DEVICE_FAMILY = "1,2";
			};
			name = Debug;
		};
		9763F7E3189D0F3A00C628E4 /* Release */ = {
			isa = XCBuildConfiguration;
			buildSettings = {
				ALWAYS_SEARCH_USER_PATHS = NO;
				ARCHS = "$(ARCHS_STANDARD_INCLUDING_64_BIT)";
				CLANG_CXX_LANGUAGE_STANDARD = "gnu++0x";
				CLANG_CXX_LIBRARY = "libc++";
				CLANG_ENABLE_MODULES = YES;
				CLANG_ENABLE_OBJC_ARC = YES;
				CLANG_WARN_BOOL_CONVERSION = YES;
				CLANG_WARN_CONSTANT_CONVERSION = YES;
				CLANG_WARN_DIRECT_OBJC_ISA_USAGE = YES_ERROR;
				CLANG_WARN_EMPTY_BODY = YES;
				CLANG_WARN_ENUM_CONVERSION = YES;
				CLANG_WARN_INT_CONVERSION = YES;
				CLANG_WARN_OBJC_ROOT_CLASS = YES_ERROR;
				CLANG_WARN__DUPLICATE_METHOD_MATCH = YES;
				"CODE_SIGN_IDENTITY[sdk=iphoneos*]" = "iPhone Developer";
				COPY_PHASE_STRIP = YES;
				ENABLE_NS_ASSERTIONS = NO;
				GCC_C_LANGUAGE_STANDARD = gnu99;
				GCC_WARN_64_TO_32_BIT_CONVERSION = YES;
				GCC_WARN_ABOUT_RETURN_TYPE = YES_ERROR;
				GCC_WARN_UNDECLARED_SELECTOR = YES;
				GCC_WARN_UNINITIALIZED_AUTOS = YES;
				GCC_WARN_UNUSED_FUNCTION = YES;
				GCC_WARN_UNUSED_VARIABLE = YES;
				IPHONEOS_DEPLOYMENT_TARGET = 7.0;
				SDKROOT = iphoneos;
				TARGETED_DEVICE_FAMILY = "1,2";
				VALIDATE_PRODUCT = YES;
			};
			name = Release;
		};
		9763F7E5189D0F3A00C628E4 /* Debug */ = {
			isa = XCBuildConfiguration;
			buildSettings = {
				ASSETCATALOG_COMPILER_APPICON_NAME = AppIcon;
				ASSETCATALOG_COMPILER_LAUNCHIMAGE_NAME = LaunchImage;
				CODE_SIGN_IDENTITY = "iPhone Developer";
				GCC_PRECOMPILE_PREFIX_HEADER = YES;
				GCC_PREFIX_HEADER = "Contact Card/Contact Card-Prefix.pch";
				INFOPLIST_FILE = "Contact Card/Contact Card-Info.plist";
				PRODUCT_NAME = "$(TARGET_NAME)";
				TARGETED_DEVICE_FAMILY = 1;
				WRAPPER_EXTENSION = app;
			};
			name = Debug;
		};
		9763F7E6189D0F3A00C628E4 /* Release */ = {
			isa = XCBuildConfiguration;
			buildSettings = {
				ASSETCATALOG_COMPILER_APPICON_NAME = AppIcon;
				ASSETCATALOG_COMPILER_LAUNCHIMAGE_NAME = LaunchImage;
				CODE_SIGN_IDENTITY = "iPhone Developer";
				GCC_PRECOMPILE_PREFIX_HEADER = YES;
				GCC_PREFIX_HEADER = "Contact Card/Contact Card-Prefix.pch";
				INFOPLIST_FILE = "Contact Card/Contact Card-Info.plist";
				PRODUCT_NAME = "$(TARGET_NAME)";
				TARGETED_DEVICE_FAMILY = 1;
				WRAPPER_EXTENSION = app;
			};
			name = Release;
		};
		9763F7E8189D0F3A00C628E4 /* Debug */ = {
			isa = XCBuildConfiguration;
			buildSettings = {
				ARCHS = "$(ARCHS_STANDARD_INCLUDING_64_BIT)";
				BUNDLE_LOADER = "$(BUILT_PRODUCTS_DIR)/Contact Card.app/Contact Card";
				FRAMEWORK_SEARCH_PATHS = (
					"$(SDKROOT)/Developer/Library/Frameworks",
					"$(inherited)",
					"$(DEVELOPER_FRAMEWORKS_DIR)",
				);
				GCC_PRECOMPILE_PREFIX_HEADER = YES;
				GCC_PREFIX_HEADER = "Contact Card/Contact Card-Prefix.pch";
				GCC_PREPROCESSOR_DEFINITIONS = (
					"DEBUG=1",
					"$(inherited)",
				);
				INFOPLIST_FILE = "Contact CardTests/Contact CardTests-Info.plist";
				PRODUCT_NAME = "$(TARGET_NAME)";
				TEST_HOST = "$(BUNDLE_LOADER)";
				WRAPPER_EXTENSION = xctest;
			};
			name = Debug;
		};
		9763F7E9189D0F3A00C628E4 /* Release */ = {
			isa = XCBuildConfiguration;
			buildSettings = {
				ARCHS = "$(ARCHS_STANDARD_INCLUDING_64_BIT)";
				BUNDLE_LOADER = "$(BUILT_PRODUCTS_DIR)/Contact Card.app/Contact Card";
				FRAMEWORK_SEARCH_PATHS = (
					"$(SDKROOT)/Developer/Library/Frameworks",
					"$(inherited)",
					"$(DEVELOPER_FRAMEWORKS_DIR)",
				);
				GCC_PRECOMPILE_PREFIX_HEADER = YES;
				GCC_PREFIX_HEADER = "Contact Card/Contact Card-Prefix.pch";
				INFOPLIST_FILE = "Contact CardTests/Contact CardTests-Info.plist";
				PRODUCT_NAME = "$(TARGET_NAME)";
				TEST_HOST = "$(BUNDLE_LOADER)";
				WRAPPER_EXTENSION = xctest;
			};
			name = Release;
		};
/* End XCBuildConfiguration section */

/* Begin XCConfigurationList section */
		9763F7AA189D0F3A00C628E4 /* Build configuration list for PBXProject "Contact Card" */ = {
			isa = XCConfigurationList;
			buildConfigurations = (
				9763F7E2189D0F3A00C628E4 /* Debug */,
				9763F7E3189D0F3A00C628E4 /* Release */,
			);
			defaultConfigurationIsVisible = 0;
			defaultConfigurationName = Release;
		};
		9763F7E4189D0F3A00C628E4 /* Build configuration list for PBXNativeTarget "Contact Card" */ = {
			isa = XCConfigurationList;
			buildConfigurations = (
				9763F7E5189D0F3A00C628E4 /* Debug */,
				9763F7E6189D0F3A00C628E4 /* Release */,
			);
			defaultConfigurationIsVisible = 0;
			defaultConfigurationName = Release;
		};
		9763F7E7189D0F3A00C628E4 /* Build configuration list for PBXNativeTarget "Contact CardTests" */ = {
			isa = XCConfigurationList;
			buildConfigurations = (
				9763F7E8189D0F3A00C628E4 /* Debug */,
				9763F7E9189D0F3A00C628E4 /* Release */,
			);
			defaultConfigurationIsVisible = 0;
			defaultConfigurationName = Release;
		};
/* End XCConfigurationList section */
	};
	rootObject = 9763F7A7189D0F3A00C628E4 /* Project object */;
}
